// !$*UTF8*$!
{
	archiveVersion = 1;
	classes = {
	};
	objectVersion = 48;
	objects = {

/* Begin PBXBuildFile section */
		084C64E6FC8697160A61C2C5 /* libPods-BaalDemo.a in Frameworks */ = {isa = PBXBuildFile; fileRef = 5F1C4BA4FEA1BE4A8A08B41C /* libPods-BaalDemo.a */; };
		391DAF5F205FE91F008FF663 /* NotifyChannelViewController.m in Sources */ = {isa = PBXBuildFile; fileRef = 391DAF5D205FE91F008FF663 /* NotifyChannelViewController.m */; };
		391DAF60205FE91F008FF663 /* NotifyChannelViewController.xib in Resources */ = {isa = PBXBuildFile; fileRef = 391DAF5E205FE91F008FF663 /* NotifyChannelViewController.xib */; };
		393FAB582073308A006C1594 /* BaalHandlerFactory.m in Sources */ = {isa = PBXBuildFile; fileRef = 393FAB2B2073308A006C1594 /* BaalHandlerFactory.m */; };
		393FAB592073308A006C1594 /* BaalNotifyChannelManager.m in Sources */ = {isa = PBXBuildFile; fileRef = 393FAB2D2073308A006C1594 /* BaalNotifyChannelManager.m */; };
		393FAB5A2073308A006C1594 /* UIViewController+BaalBase.m in Sources */ = {isa = PBXBuildFile; fileRef = 393FAB312073308A006C1594 /* UIViewController+BaalBase.m */; };
		393FAB5B2073308A006C1594 /* BaalRoute.m in Sources */ = {isa = PBXBuildFile; fileRef = 393FAB342073308A006C1594 /* BaalRoute.m */; };
		393FAB5C2073308A006C1594 /* BaalViewControllerRouteManager.m in Sources */ = {isa = PBXBuildFile; fileRef = 393FAB362073308A006C1594 /* BaalViewControllerRouteManager.m */; };
		393FAB5D2073308A006C1594 /* routeConfig.json in Resources */ = {isa = PBXBuildFile; fileRef = 393FAB372073308A006C1594 /* routeConfig.json */; };
		393FAB5E2073308A006C1594 /* BaalNotifyChannelModule.m in Sources */ = {isa = PBXBuildFile; fileRef = 393FAB3B2073308A006C1594 /* BaalNotifyChannelModule.m */; };
		393FAB5F2073308A006C1594 /* BaalRouteModule.m in Sources */ = {isa = PBXBuildFile; fileRef = 393FAB3D2073308A006C1594 /* BaalRouteModule.m */; };
		393FAB612073308A006C1594 /* BaalWeexViewController.m in Sources */ = {isa = PBXBuildFile; fileRef = 393FAB412073308A006C1594 /* BaalWeexViewController.m */; };
		393FAB672073308A006C1594 /* BaalWeexWebViewController.m in Sources */ = {isa = PBXBuildFile; fileRef = 393FAB4F2073308A006C1594 /* BaalWeexWebViewController.m */; };
		393FAB682073308A006C1594 /* WeakScriptMessageDelegate.m in Sources */ = {isa = PBXBuildFile; fileRef = 393FAB512073308A006C1594 /* WeakScriptMessageDelegate.m */; };
		393FAB692073308A006C1594 /* WKWebView+Baal.m in Sources */ = {isa = PBXBuildFile; fileRef = 393FAB532073308A006C1594 /* WKWebView+Baal.m */; };
		393FAB6A2073308A006C1594 /* WKWebView+BaalJavaScriptAlert.m in Sources */ = {isa = PBXBuildFile; fileRef = 393FAB552073308A006C1594 /* WKWebView+BaalJavaScriptAlert.m */; };
		393FAB6B2073308A006C1594 /* WKWebView+Post.m in Sources */ = {isa = PBXBuildFile; fileRef = 393FAB572073308A006C1594 /* WKWebView+Post.m */; };
		393FAB79207333AB006C1594 /* BaalWeexPluginsManager.m in Sources */ = {isa = PBXBuildFile; fileRef = 393FAB78207333AB006C1594 /* BaalWeexPluginsManager.m */; };
		393FAB8620733597006C1594 /* BaalRouteHandlerImpl.m in Sources */ = {isa = PBXBuildFile; fileRef = 393FAB8320733597006C1594 /* BaalRouteHandlerImpl.m */; };
		393FAB8720733597006C1594 /* BaalWeexOrHtmlHandlerImpl.m in Sources */ = {isa = PBXBuildFile; fileRef = 393FAB8520733597006C1594 /* BaalWeexOrHtmlHandlerImpl.m */; };
		393FAB932073363E006C1594 /* GuideModule.m in Sources */ = {isa = PBXBuildFile; fileRef = 393FAB8B2073363D006C1594 /* GuideModule.m */; };
		393FAB942073363E006C1594 /* WeexpluginConfig.xml in Resources */ = {isa = PBXBuildFile; fileRef = 393FAB8C2073363D006C1594 /* WeexpluginConfig.xml */; };
		393FAB952073363E006C1594 /* WeexPluginConfigParser.m in Sources */ = {isa = PBXBuildFile; fileRef = 393FAB8E2073363D006C1594 /* WeexPluginConfigParser.m */; };
		393FAB962073363E006C1594 /* WeexPluginLoader.m in Sources */ = {isa = PBXBuildFile; fileRef = 393FAB902073363D006C1594 /* WeexPluginLoader.m */; };
		393FAB972073363E006C1594 /* WeexPluginManager.m in Sources */ = {isa = PBXBuildFile; fileRef = 393FAB922073363D006C1594 /* WeexPluginManager.m */; };
		393FAB9A20735419006C1594 /* BaalManager.m in Sources */ = {isa = PBXBuildFile; fileRef = 393FAB9920735419006C1594 /* BaalManager.m */; };
		393FAB9D207365B5006C1594 /* BaalManager+Route.m in Sources */ = {isa = PBXBuildFile; fileRef = 393FAB9C207365B5006C1594 /* BaalManager+Route.m */; };
		393FABA0207365FD006C1594 /* BaalManager+NotifyChannel.m in Sources */ = {isa = PBXBuildFile; fileRef = 393FAB9F207365FD006C1594 /* BaalManager+NotifyChannel.m */; };
		39519C3E205014E30036A87B /* AppDelegate.m in Sources */ = {isa = PBXBuildFile; fileRef = 39519C3D205014E30036A87B /* AppDelegate.m */; };
		39519C46205014E30036A87B /* Assets.xcassets in Resources */ = {isa = PBXBuildFile; fileRef = 39519C45205014E30036A87B /* Assets.xcassets */; };
		39519C49205014E30036A87B /* LaunchScreen.storyboard in Resources */ = {isa = PBXBuildFile; fileRef = 39519C47205014E30036A87B /* LaunchScreen.storyboard */; };
		39519C4C205014E30036A87B /* main.m in Sources */ = {isa = PBXBuildFile; fileRef = 39519C4B205014E30036A87B /* main.m */; };
		39519C56205014E30036A87B /* BaalDemoTests.m in Sources */ = {isa = PBXBuildFile; fileRef = 39519C55205014E30036A87B /* BaalDemoTests.m */; };
		39519C61205014E30036A87B /* BaalDemoUITests.m in Sources */ = {isa = PBXBuildFile; fileRef = 39519C60205014E30036A87B /* BaalDemoUITests.m */; };
		C28E3FFDB214CAF5D2D2252B /* libPods-BaalDemoTests.a in Frameworks */ = {isa = PBXBuildFile; fileRef = CBE39DFC737566413E63F3C2 /* libPods-BaalDemoTests.a */; };
/* End PBXBuildFile section */

/* Begin PBXContainerItemProxy section */
		39519C52205014E30036A87B /* PBXContainerItemProxy */ = {
			isa = PBXContainerItemProxy;
			containerPortal = 39519C31205014E30036A87B /* Project object */;
			proxyType = 1;
			remoteGlobalIDString = 39519C38205014E30036A87B;
			remoteInfo = BaalDemo;
		};
		39519C5D205014E30036A87B /* PBXContainerItemProxy */ = {
			isa = PBXContainerItemProxy;
			containerPortal = 39519C31205014E30036A87B /* Project object */;
			proxyType = 1;
			remoteGlobalIDString = 39519C38205014E30036A87B;
			remoteInfo = BaalDemo;
		};
/* End PBXContainerItemProxy section */

/* Begin PBXFileReference section */
		391DAF5C205FE91F008FF663 /* NotifyChannelViewController.h */ = {isa = PBXFileReference; lastKnownFileType = sourcecode.c.h; path = NotifyChannelViewController.h; sourceTree = "<group>"; };
		391DAF5D205FE91F008FF663 /* NotifyChannelViewController.m */ = {isa = PBXFileReference; lastKnownFileType = sourcecode.c.objc; path = NotifyChannelViewController.m; sourceTree = "<group>"; };
		391DAF5E205FE91F008FF663 /* NotifyChannelViewController.xib */ = {isa = PBXFileReference; lastKnownFileType = file.xib; path = NotifyChannelViewController.xib; sourceTree = "<group>"; };
		393FAB2A2073308A006C1594 /* BaalHandlerFactory.h */ = {isa = PBXFileReference; fileEncoding = 4; lastKnownFileType = sourcecode.c.h; path = BaalHandlerFactory.h; sourceTree = "<group>"; };
		393FAB2B2073308A006C1594 /* BaalHandlerFactory.m */ = {isa = PBXFileReference; fileEncoding = 4; lastKnownFileType = sourcecode.c.objc; path = BaalHandlerFactory.m; sourceTree = "<group>"; };
		393FAB2C2073308A006C1594 /* BaalNotifyChannelManager.h */ = {isa = PBXFileReference; fileEncoding = 4; lastKnownFileType = sourcecode.c.h; path = BaalNotifyChannelManager.h; sourceTree = "<group>"; };
		393FAB2D2073308A006C1594 /* BaalNotifyChannelManager.m */ = {isa = PBXFileReference; fileEncoding = 4; lastKnownFileType = sourcecode.c.objc; path = BaalNotifyChannelManager.m; sourceTree = "<group>"; };
		393FAB302073308A006C1594 /* UIViewController+BaalBase.h */ = {isa = PBXFileReference; fileEncoding = 4; lastKnownFileType = sourcecode.c.h; path = "UIViewController+BaalBase.h"; sourceTree = "<group>"; };
		393FAB312073308A006C1594 /* UIViewController+BaalBase.m */ = {isa = PBXFileReference; fileEncoding = 4; lastKnownFileType = sourcecode.c.objc; path = "UIViewController+BaalBase.m"; sourceTree = "<group>"; };
		393FAB332073308A006C1594 /* BaalRoute.h */ = {isa = PBXFileReference; fileEncoding = 4; lastKnownFileType = sourcecode.c.h; path = BaalRoute.h; sourceTree = "<group>"; };
		393FAB342073308A006C1594 /* BaalRoute.m */ = {isa = PBXFileReference; fileEncoding = 4; lastKnownFileType = sourcecode.c.objc; path = BaalRoute.m; sourceTree = "<group>"; };
		393FAB352073308A006C1594 /* BaalViewControllerRouteManager.h */ = {isa = PBXFileReference; fileEncoding = 4; lastKnownFileType = sourcecode.c.h; path = BaalViewControllerRouteManager.h; sourceTree = "<group>"; };
		393FAB362073308A006C1594 /* BaalViewControllerRouteManager.m */ = {isa = PBXFileReference; fileEncoding = 4; lastKnownFileType = sourcecode.c.objc; path = BaalViewControllerRouteManager.m; sourceTree = "<group>"; };
		393FAB372073308A006C1594 /* routeConfig.json */ = {isa = PBXFileReference; fileEncoding = 4; lastKnownFileType = text.json; path = routeConfig.json; sourceTree = "<group>"; };
		393FAB3A2073308A006C1594 /* BaalNotifyChannelModule.h */ = {isa = PBXFileReference; fileEncoding = 4; lastKnownFileType = sourcecode.c.h; path = BaalNotifyChannelModule.h; sourceTree = "<group>"; };
		393FAB3B2073308A006C1594 /* BaalNotifyChannelModule.m */ = {isa = PBXFileReference; fileEncoding = 4; lastKnownFileType = sourcecode.c.objc; path = BaalNotifyChannelModule.m; sourceTree = "<group>"; };
		393FAB3C2073308A006C1594 /* BaalRouteModule.h */ = {isa = PBXFileReference; fileEncoding = 4; lastKnownFileType = sourcecode.c.h; path = BaalRouteModule.h; sourceTree = "<group>"; };
		393FAB3D2073308A006C1594 /* BaalRouteModule.m */ = {isa = PBXFileReference; fileEncoding = 4; lastKnownFileType = sourcecode.c.objc; path = BaalRouteModule.m; sourceTree = "<group>"; };
		393FAB402073308A006C1594 /* BaalWeexViewController.h */ = {isa = PBXFileReference; fileEncoding = 4; lastKnownFileType = sourcecode.c.h; path = BaalWeexViewController.h; sourceTree = "<group>"; };
		393FAB412073308A006C1594 /* BaalWeexViewController.m */ = {isa = PBXFileReference; fileEncoding = 4; lastKnownFileType = sourcecode.c.objc; path = BaalWeexViewController.m; sourceTree = "<group>"; };
		393FAB492073308A006C1594 /* BaalWeexPluginsManager.h */ = {isa = PBXFileReference; fileEncoding = 4; lastKnownFileType = sourcecode.c.h; path = BaalWeexPluginsManager.h; sourceTree = "<group>"; };
		393FAB4C2073308A006C1594 /* Baal_ConfigurationDefine.h */ = {isa = PBXFileReference; fileEncoding = 4; lastKnownFileType = sourcecode.c.h; path = Baal_ConfigurationDefine.h; sourceTree = "<group>"; };
		393FAB4D2073308A006C1594 /* Baal_WebView.h */ = {isa = PBXFileReference; fileEncoding = 4; lastKnownFileType = sourcecode.c.h; path = Baal_WebView.h; sourceTree = "<group>"; };
		393FAB4E2073308A006C1594 /* BaalWeexWebViewController.h */ = {isa = PBXFileReference; fileEncoding = 4; lastKnownFileType = sourcecode.c.h; path = BaalWeexWebViewController.h; sourceTree = "<group>"; };
		393FAB4F2073308A006C1594 /* BaalWeexWebViewController.m */ = {isa = PBXFileReference; fileEncoding = 4; lastKnownFileType = sourcecode.c.objc; path = BaalWeexWebViewController.m; sourceTree = "<group>"; };
		393FAB502073308A006C1594 /* WeakScriptMessageDelegate.h */ = {isa = PBXFileReference; fileEncoding = 4; lastKnownFileType = sourcecode.c.h; path = WeakScriptMessageDelegate.h; sourceTree = "<group>"; };
		393FAB512073308A006C1594 /* WeakScriptMessageDelegate.m */ = {isa = PBXFileReference; fileEncoding = 4; lastKnownFileType = sourcecode.c.objc; path = WeakScriptMessageDelegate.m; sourceTree = "<group>"; };
		393FAB522073308A006C1594 /* WKWebView+Baal.h */ = {isa = PBXFileReference; fileEncoding = 4; lastKnownFileType = sourcecode.c.h; path = "WKWebView+Baal.h"; sourceTree = "<group>"; };
		393FAB532073308A006C1594 /* WKWebView+Baal.m */ = {isa = PBXFileReference; fileEncoding = 4; lastKnownFileType = sourcecode.c.objc; path = "WKWebView+Baal.m"; sourceTree = "<group>"; };
		393FAB542073308A006C1594 /* WKWebView+BaalJavaScriptAlert.h */ = {isa = PBXFileReference; fileEncoding = 4; lastKnownFileType = sourcecode.c.h; path = "WKWebView+BaalJavaScriptAlert.h"; sourceTree = "<group>"; };
		393FAB552073308A006C1594 /* WKWebView+BaalJavaScriptAlert.m */ = {isa = PBXFileReference; fileEncoding = 4; lastKnownFileType = sourcecode.c.objc; path = "WKWebView+BaalJavaScriptAlert.m"; sourceTree = "<group>"; };
		393FAB562073308A006C1594 /* WKWebView+Post.h */ = {isa = PBXFileReference; fileEncoding = 4; lastKnownFileType = sourcecode.c.h; path = "WKWebView+Post.h"; sourceTree = "<group>"; };
		393FAB572073308A006C1594 /* WKWebView+Post.m */ = {isa = PBXFileReference; fileEncoding = 4; lastKnownFileType = sourcecode.c.objc; path = "WKWebView+Post.m"; sourceTree = "<group>"; };
		393FAB78207333AB006C1594 /* BaalWeexPluginsManager.m */ = {isa = PBXFileReference; lastKnownFileType = sourcecode.c.objc; path = BaalWeexPluginsManager.m; sourceTree = "<group>"; };
		393FAB7B20733505006C1594 /* BaalRouteHandlerProtocol.h */ = {isa = PBXFileReference; fileEncoding = 4; lastKnownFileType = sourcecode.c.h; path = BaalRouteHandlerProtocol.h; sourceTree = "<group>"; };
		393FAB7C20733505006C1594 /* BaalWeexOrHtmlHandlerProtocol.h */ = {isa = PBXFileReference; fileEncoding = 4; lastKnownFileType = sourcecode.c.h; path = BaalWeexOrHtmlHandlerProtocol.h; sourceTree = "<group>"; };
		393FAB8220733597006C1594 /* BaalRouteHandlerImpl.h */ = {isa = PBXFileReference; fileEncoding = 4; lastKnownFileType = sourcecode.c.h; path = BaalRouteHandlerImpl.h; sourceTree = "<group>"; };
		393FAB8320733597006C1594 /* BaalRouteHandlerImpl.m */ = {isa = PBXFileReference; fileEncoding = 4; lastKnownFileType = sourcecode.c.objc; path = BaalRouteHandlerImpl.m; sourceTree = "<group>"; };
		393FAB8420733597006C1594 /* BaalWeexOrHtmlHandlerImpl.h */ = {isa = PBXFileReference; fileEncoding = 4; lastKnownFileType = sourcecode.c.h; path = BaalWeexOrHtmlHandlerImpl.h; sourceTree = "<group>"; };
		393FAB8520733597006C1594 /* BaalWeexOrHtmlHandlerImpl.m */ = {isa = PBXFileReference; fileEncoding = 4; lastKnownFileType = sourcecode.c.objc; path = BaalWeexOrHtmlHandlerImpl.m; sourceTree = "<group>"; };
		393FAB8A2073363D006C1594 /* GuideModule.h */ = {isa = PBXFileReference; fileEncoding = 4; lastKnownFileType = sourcecode.c.h; path = GuideModule.h; sourceTree = "<group>"; };
		393FAB8B2073363D006C1594 /* GuideModule.m */ = {isa = PBXFileReference; fileEncoding = 4; lastKnownFileType = sourcecode.c.objc; path = GuideModule.m; sourceTree = "<group>"; };
		393FAB8C2073363D006C1594 /* WeexpluginConfig.xml */ = {isa = PBXFileReference; fileEncoding = 4; lastKnownFileType = text.xml; path = WeexpluginConfig.xml; sourceTree = "<group>"; };
		393FAB8D2073363D006C1594 /* WeexPluginConfigParser.h */ = {isa = PBXFileReference; fileEncoding = 4; lastKnownFileType = sourcecode.c.h; path = WeexPluginConfigParser.h; sourceTree = "<group>"; };
		393FAB8E2073363D006C1594 /* WeexPluginConfigParser.m */ = {isa = PBXFileReference; fileEncoding = 4; lastKnownFileType = sourcecode.c.objc; path = WeexPluginConfigParser.m; sourceTree = "<group>"; };
		393FAB8F2073363D006C1594 /* WeexPluginLoader.h */ = {isa = PBXFileReference; fileEncoding = 4; lastKnownFileType = sourcecode.c.h; path = WeexPluginLoader.h; sourceTree = "<group>"; };
		393FAB902073363D006C1594 /* WeexPluginLoader.m */ = {isa = PBXFileReference; fileEncoding = 4; lastKnownFileType = sourcecode.c.objc; path = WeexPluginLoader.m; sourceTree = "<group>"; };
		393FAB912073363D006C1594 /* WeexPluginManager.h */ = {isa = PBXFileReference; fileEncoding = 4; lastKnownFileType = sourcecode.c.h; path = WeexPluginManager.h; sourceTree = "<group>"; };
		393FAB922073363D006C1594 /* WeexPluginManager.m */ = {isa = PBXFileReference; fileEncoding = 4; lastKnownFileType = sourcecode.c.objc; path = WeexPluginManager.m; sourceTree = "<group>"; };
		393FAB9820735419006C1594 /* BaalManager.h */ = {isa = PBXFileReference; lastKnownFileType = sourcecode.c.h; path = BaalManager.h; sourceTree = "<group>"; };
		393FAB9920735419006C1594 /* BaalManager.m */ = {isa = PBXFileReference; lastKnownFileType = sourcecode.c.objc; path = BaalManager.m; sourceTree = "<group>"; };
		393FAB9B207365B5006C1594 /* BaalManager+Route.h */ = {isa = PBXFileReference; lastKnownFileType = sourcecode.c.h; path = "BaalManager+Route.h"; sourceTree = "<group>"; };
		393FAB9C207365B5006C1594 /* BaalManager+Route.m */ = {isa = PBXFileReference; lastKnownFileType = sourcecode.c.objc; path = "BaalManager+Route.m"; sourceTree = "<group>"; };
		393FAB9E207365FD006C1594 /* BaalManager+NotifyChannel.h */ = {isa = PBXFileReference; lastKnownFileType = sourcecode.c.h; path = "BaalManager+NotifyChannel.h"; sourceTree = "<group>"; };
		393FAB9F207365FD006C1594 /* BaalManager+NotifyChannel.m */ = {isa = PBXFileReference; lastKnownFileType = sourcecode.c.objc; path = "BaalManager+NotifyChannel.m"; sourceTree = "<group>"; };
		39519C39205014E30036A87B /* BaalDemo.app */ = {isa = PBXFileReference; explicitFileType = wrapper.application; includeInIndex = 0; path = BaalDemo.app; sourceTree = BUILT_PRODUCTS_DIR; };
		39519C3C205014E30036A87B /* AppDelegate.h */ = {isa = PBXFileReference; lastKnownFileType = sourcecode.c.h; path = AppDelegate.h; sourceTree = "<group>"; };
		39519C3D205014E30036A87B /* AppDelegate.m */ = {isa = PBXFileReference; lastKnownFileType = sourcecode.c.objc; path = AppDelegate.m; sourceTree = "<group>"; };
		39519C45205014E30036A87B /* Assets.xcassets */ = {isa = PBXFileReference; lastKnownFileType = folder.assetcatalog; path = Assets.xcassets; sourceTree = "<group>"; };
		39519C48205014E30036A87B /* Base */ = {isa = PBXFileReference; lastKnownFileType = file.storyboard; name = Base; path = Base.lproj/LaunchScreen.storyboard; sourceTree = "<group>"; };
		39519C4A205014E30036A87B /* Info.plist */ = {isa = PBXFileReference; lastKnownFileType = text.plist.xml; path = Info.plist; sourceTree = "<group>"; };
		39519C4B205014E30036A87B /* main.m */ = {isa = PBXFileReference; lastKnownFileType = sourcecode.c.objc; path = main.m; sourceTree = "<group>"; };
		39519C51205014E30036A87B /* BaalDemoTests.xctest */ = {isa = PBXFileReference; explicitFileType = wrapper.cfbundle; includeInIndex = 0; path = BaalDemoTests.xctest; sourceTree = BUILT_PRODUCTS_DIR; };
		39519C55205014E30036A87B /* BaalDemoTests.m */ = {isa = PBXFileReference; lastKnownFileType = sourcecode.c.objc; path = BaalDemoTests.m; sourceTree = "<group>"; };
		39519C57205014E30036A87B /* Info.plist */ = {isa = PBXFileReference; lastKnownFileType = text.plist.xml; path = Info.plist; sourceTree = "<group>"; };
		39519C5C205014E30036A87B /* BaalDemoUITests.xctest */ = {isa = PBXFileReference; explicitFileType = wrapper.cfbundle; includeInIndex = 0; path = BaalDemoUITests.xctest; sourceTree = BUILT_PRODUCTS_DIR; };
		39519C60205014E30036A87B /* BaalDemoUITests.m */ = {isa = PBXFileReference; lastKnownFileType = sourcecode.c.objc; path = BaalDemoUITests.m; sourceTree = "<group>"; };
		39519C62205014E30036A87B /* Info.plist */ = {isa = PBXFileReference; lastKnownFileType = text.plist.xml; path = Info.plist; sourceTree = "<group>"; };
		41F28CDDCF07633C7F8C3467 /* Pods-BaalDemoTests.debug.xcconfig */ = {isa = PBXFileReference; includeInIndex = 1; lastKnownFileType = text.xcconfig; name = "Pods-BaalDemoTests.debug.xcconfig"; path = "Pods/Target Support Files/Pods-BaalDemoTests/Pods-BaalDemoTests.debug.xcconfig"; sourceTree = "<group>"; };
		42D2DF72954BFB401436C320 /* Pods-BaalDemo.release.xcconfig */ = {isa = PBXFileReference; includeInIndex = 1; lastKnownFileType = text.xcconfig; name = "Pods-BaalDemo.release.xcconfig"; path = "Pods/Target Support Files/Pods-BaalDemo/Pods-BaalDemo.release.xcconfig"; sourceTree = "<group>"; };
		5F1C4BA4FEA1BE4A8A08B41C /* libPods-BaalDemo.a */ = {isa = PBXFileReference; explicitFileType = archive.ar; includeInIndex = 0; path = "libPods-BaalDemo.a"; sourceTree = BUILT_PRODUCTS_DIR; };
		91704AD08A04965E424C9DAA /* Pods-BaalDemo.debug.xcconfig */ = {isa = PBXFileReference; includeInIndex = 1; lastKnownFileType = text.xcconfig; name = "Pods-BaalDemo.debug.xcconfig"; path = "Pods/Target Support Files/Pods-BaalDemo/Pods-BaalDemo.debug.xcconfig"; sourceTree = "<group>"; };
		ACE1C03E86DFCCAF42D85204 /* Pods-BaalDemoTests.release.xcconfig */ = {isa = PBXFileReference; includeInIndex = 1; lastKnownFileType = text.xcconfig; name = "Pods-BaalDemoTests.release.xcconfig"; path = "Pods/Target Support Files/Pods-BaalDemoTests/Pods-BaalDemoTests.release.xcconfig"; sourceTree = "<group>"; };
		CBE39DFC737566413E63F3C2 /* libPods-BaalDemoTests.a */ = {isa = PBXFileReference; explicitFileType = archive.ar; includeInIndex = 0; path = "libPods-BaalDemoTests.a"; sourceTree = BUILT_PRODUCTS_DIR; };
/* End PBXFileReference section */

/* Begin PBXFrameworksBuildPhase section */
		39519C36205014E30036A87B /* Frameworks */ = {
			isa = PBXFrameworksBuildPhase;
			buildActionMask = 2147483647;
			files = (
				084C64E6FC8697160A61C2C5 /* libPods-BaalDemo.a in Frameworks */,
			);
			runOnlyForDeploymentPostprocessing = 0;
		};
		39519C4E205014E30036A87B /* Frameworks */ = {
			isa = PBXFrameworksBuildPhase;
			buildActionMask = 2147483647;
			files = (
				C28E3FFDB214CAF5D2D2252B /* libPods-BaalDemoTests.a in Frameworks */,
			);
			runOnlyForDeploymentPostprocessing = 0;
		};
		39519C59205014E30036A87B /* Frameworks */ = {
			isa = PBXFrameworksBuildPhase;
			buildActionMask = 2147483647;
			files = (
			);
			runOnlyForDeploymentPostprocessing = 0;
		};
/* End PBXFrameworksBuildPhase section */

/* Begin PBXGroup section */
		393FAB282073308A006C1594 /* baal */ = {
			isa = PBXGroup;
			children = (
				393FAB7A20733505006C1594 /* protocol */,
				393FAB292073308A006C1594 /* common */,
				393FAB322073308A006C1594 /* route */,
				393FAB382073308A006C1594 /* weex */,
				393FAB4B2073308A006C1594 /* weexh5 */,
				393FAB9820735419006C1594 /* BaalManager.h */,
				393FAB9920735419006C1594 /* BaalManager.m */,
				393FAB9B207365B5006C1594 /* BaalManager+Route.h */,
				393FAB9C207365B5006C1594 /* BaalManager+Route.m */,
				393FAB9E207365FD006C1594 /* BaalManager+NotifyChannel.h */,
				393FAB9F207365FD006C1594 /* BaalManager+NotifyChannel.m */,
			);
			path = baal;
			sourceTree = "<group>";
		};
		393FAB292073308A006C1594 /* common */ = {
			isa = PBXGroup;
			children = (
				393FAB2A2073308A006C1594 /* BaalHandlerFactory.h */,
				393FAB2B2073308A006C1594 /* BaalHandlerFactory.m */,
				393FAB2C2073308A006C1594 /* BaalNotifyChannelManager.h */,
				393FAB2D2073308A006C1594 /* BaalNotifyChannelManager.m */,
				393FAB302073308A006C1594 /* UIViewController+BaalBase.h */,
				393FAB312073308A006C1594 /* UIViewController+BaalBase.m */,
			);
			path = common;
			sourceTree = "<group>";
		};
		393FAB322073308A006C1594 /* route */ = {
			isa = PBXGroup;
			children = (
				393FAB332073308A006C1594 /* BaalRoute.h */,
				393FAB342073308A006C1594 /* BaalRoute.m */,
				393FAB352073308A006C1594 /* BaalViewControllerRouteManager.h */,
				393FAB362073308A006C1594 /* BaalViewControllerRouteManager.m */,
			);
			path = route;
			sourceTree = "<group>";
		};
		393FAB382073308A006C1594 /* weex */ = {
			isa = PBXGroup;
			children = (
				393FAB392073308A006C1594 /* baalweexPlugins */,
				393FAB402073308A006C1594 /* BaalWeexViewController.h */,
				393FAB412073308A006C1594 /* BaalWeexViewController.m */,
				393FAB492073308A006C1594 /* BaalWeexPluginsManager.h */,
				393FAB78207333AB006C1594 /* BaalWeexPluginsManager.m */,
			);
			path = weex;
			sourceTree = "<group>";
		};
		393FAB392073308A006C1594 /* baalweexPlugins */ = {
			isa = PBXGroup;
			children = (
				393FAB3A2073308A006C1594 /* BaalNotifyChannelModule.h */,
				393FAB3B2073308A006C1594 /* BaalNotifyChannelModule.m */,
				393FAB3C2073308A006C1594 /* BaalRouteModule.h */,
				393FAB3D2073308A006C1594 /* BaalRouteModule.m */,
			);
			path = baalweexPlugins;
			sourceTree = "<group>";
		};
		393FAB4B2073308A006C1594 /* weexh5 */ = {
			isa = PBXGroup;
			children = (
				393FAB4C2073308A006C1594 /* Baal_ConfigurationDefine.h */,
				393FAB4D2073308A006C1594 /* Baal_WebView.h */,
				393FAB4E2073308A006C1594 /* BaalWeexWebViewController.h */,
				393FAB4F2073308A006C1594 /* BaalWeexWebViewController.m */,
				393FAB502073308A006C1594 /* WeakScriptMessageDelegate.h */,
				393FAB512073308A006C1594 /* WeakScriptMessageDelegate.m */,
				393FAB522073308A006C1594 /* WKWebView+Baal.h */,
				393FAB532073308A006C1594 /* WKWebView+Baal.m */,
				393FAB542073308A006C1594 /* WKWebView+BaalJavaScriptAlert.h */,
				393FAB552073308A006C1594 /* WKWebView+BaalJavaScriptAlert.m */,
				393FAB562073308A006C1594 /* WKWebView+Post.h */,
				393FAB572073308A006C1594 /* WKWebView+Post.m */,
			);
			path = weexh5;
			sourceTree = "<group>";
		};
		393FAB7A20733505006C1594 /* protocol */ = {
			isa = PBXGroup;
			children = (
				393FAB7B20733505006C1594 /* BaalRouteHandlerProtocol.h */,
				393FAB7C20733505006C1594 /* BaalWeexOrHtmlHandlerProtocol.h */,
			);
			path = protocol;
			sourceTree = "<group>";
		};
		393FAB8120733597006C1594 /* impl */ = {
			isa = PBXGroup;
			children = (
				393FAB8220733597006C1594 /* BaalRouteHandlerImpl.h */,
				393FAB8320733597006C1594 /* BaalRouteHandlerImpl.m */,
				393FAB8420733597006C1594 /* BaalWeexOrHtmlHandlerImpl.h */,
				393FAB8520733597006C1594 /* BaalWeexOrHtmlHandlerImpl.m */,
			);
			path = impl;
			sourceTree = "<group>";
		};
		393FAB882073363D006C1594 /* weexPlugins */ = {
			isa = PBXGroup;
			children = (
				393FAB892073363D006C1594 /* plugins */,
				393FAB8C2073363D006C1594 /* WeexpluginConfig.xml */,
				393FAB8D2073363D006C1594 /* WeexPluginConfigParser.h */,
				393FAB8E2073363D006C1594 /* WeexPluginConfigParser.m */,
				393FAB8F2073363D006C1594 /* WeexPluginLoader.h */,
				393FAB902073363D006C1594 /* WeexPluginLoader.m */,
				393FAB912073363D006C1594 /* WeexPluginManager.h */,
				393FAB922073363D006C1594 /* WeexPluginManager.m */,
			);
			path = weexPlugins;
			sourceTree = "<group>";
		};
		393FAB892073363D006C1594 /* plugins */ = {
			isa = PBXGroup;
			children = (
				393FAB8A2073363D006C1594 /* GuideModule.h */,
				393FAB8B2073363D006C1594 /* GuideModule.m */,
			);
			path = plugins;
			sourceTree = "<group>";
		};
		39519C30205014E30036A87B = {
			isa = PBXGroup;
			children = (
				39519C3B205014E30036A87B /* BaalDemo */,
				39519C54205014E30036A87B /* BaalDemoTests */,
				39519C5F205014E30036A87B /* BaalDemoUITests */,
				39519C3A205014E30036A87B /* Products */,
				D690B769ADDD8FA74DD0B35F /* Pods */,
				E11FB5270B4DFE8B549E5CFE /* Frameworks */,
			);
			sourceTree = "<group>";
		};
		39519C3A205014E30036A87B /* Products */ = {
			isa = PBXGroup;
			children = (
				39519C39205014E30036A87B /* BaalDemo.app */,
				39519C51205014E30036A87B /* BaalDemoTests.xctest */,
				39519C5C205014E30036A87B /* BaalDemoUITests.xctest */,
			);
			name = Products;
			sourceTree = "<group>";
		};
		39519C3B205014E30036A87B /* BaalDemo */ = {
			isa = PBXGroup;
			children = (
				393FAB282073308A006C1594 /* baal */,
				39519C3C205014E30036A87B /* AppDelegate.h */,
				39519C3D205014E30036A87B /* AppDelegate.m */,
				391DAF5C205FE91F008FF663 /* NotifyChannelViewController.h */,
				391DAF5D205FE91F008FF663 /* NotifyChannelViewController.m */,
				391DAF5E205FE91F008FF663 /* NotifyChannelViewController.xib */,
				393FAB8120733597006C1594 /* impl */,
				393FAB882073363D006C1594 /* weexPlugins */,
				393FAB372073308A006C1594 /* routeConfig.json */,
				39519C45205014E30036A87B /* Assets.xcassets */,
				39519C47205014E30036A87B /* LaunchScreen.storyboard */,
				39519C4A205014E30036A87B /* Info.plist */,
				39519C4B205014E30036A87B /* main.m */,
			);
			path = BaalDemo;
			sourceTree = "<group>";
		};
		39519C54205014E30036A87B /* BaalDemoTests */ = {
			isa = PBXGroup;
			children = (
				39519C55205014E30036A87B /* BaalDemoTests.m */,
				39519C57205014E30036A87B /* Info.plist */,
			);
			path = BaalDemoTests;
			sourceTree = "<group>";
		};
		39519C5F205014E30036A87B /* BaalDemoUITests */ = {
			isa = PBXGroup;
			children = (
				39519C60205014E30036A87B /* BaalDemoUITests.m */,
				39519C62205014E30036A87B /* Info.plist */,
			);
			path = BaalDemoUITests;
			sourceTree = "<group>";
		};
		D690B769ADDD8FA74DD0B35F /* Pods */ = {
			isa = PBXGroup;
			children = (
				91704AD08A04965E424C9DAA /* Pods-BaalDemo.debug.xcconfig */,
				42D2DF72954BFB401436C320 /* Pods-BaalDemo.release.xcconfig */,
				41F28CDDCF07633C7F8C3467 /* Pods-BaalDemoTests.debug.xcconfig */,
				ACE1C03E86DFCCAF42D85204 /* Pods-BaalDemoTests.release.xcconfig */,
			);
			name = Pods;
			sourceTree = "<group>";
		};
		E11FB5270B4DFE8B549E5CFE /* Frameworks */ = {
			isa = PBXGroup;
			children = (
				5F1C4BA4FEA1BE4A8A08B41C /* libPods-BaalDemo.a */,
				CBE39DFC737566413E63F3C2 /* libPods-BaalDemoTests.a */,
			);
			name = Frameworks;
			sourceTree = "<group>";
		};
/* End PBXGroup section */

/* Begin PBXNativeTarget section */
		39519C38205014E30036A87B /* BaalDemo */ = {
			isa = PBXNativeTarget;
			buildConfigurationList = 39519C65205014E30036A87B /* Build configuration list for PBXNativeTarget "BaalDemo" */;
			buildPhases = (
				3BB584C6F372B7F8670FBCDC /* [CP] Check Pods Manifest.lock */,
				39519C35205014E30036A87B /* Sources */,
				39519C36205014E30036A87B /* Frameworks */,
				39519C37205014E30036A87B /* Resources */,
				048866E906BD388E6ECD7767 /* [CP] Embed Pods Frameworks */,
				A753BB427E932D973DEFAEE9 /* [CP] Copy Pods Resources */,
			);
			buildRules = (
			);
			dependencies = (
			);
			name = BaalDemo;
			productName = BaalDemo;
			productReference = 39519C39205014E30036A87B /* BaalDemo.app */;
			productType = "com.apple.product-type.application";
		};
		39519C50205014E30036A87B /* BaalDemoTests */ = {
			isa = PBXNativeTarget;
			buildConfigurationList = 39519C68205014E30036A87B /* Build configuration list for PBXNativeTarget "BaalDemoTests" */;
			buildPhases = (
				1B742F19E3BDA39351BF6833 /* [CP] Check Pods Manifest.lock */,
				39519C4D205014E30036A87B /* Sources */,
				39519C4E205014E30036A87B /* Frameworks */,
				39519C4F205014E30036A87B /* Resources */,
				246F95BE0D14497BDCE829EC /* [CP] Embed Pods Frameworks */,
				B44CF687AF445366AE0AA4D6 /* [CP] Copy Pods Resources */,
			);
			buildRules = (
			);
			dependencies = (
				39519C53205014E30036A87B /* PBXTargetDependency */,
			);
			name = BaalDemoTests;
			productName = BaalDemoTests;
			productReference = 39519C51205014E30036A87B /* BaalDemoTests.xctest */;
			productType = "com.apple.product-type.bundle.unit-test";
		};
		39519C5B205014E30036A87B /* BaalDemoUITests */ = {
			isa = PBXNativeTarget;
			buildConfigurationList = 39519C6B205014E30036A87B /* Build configuration list for PBXNativeTarget "BaalDemoUITests" */;
			buildPhases = (
				39519C58205014E30036A87B /* Sources */,
				39519C59205014E30036A87B /* Frameworks */,
				39519C5A205014E30036A87B /* Resources */,
			);
			buildRules = (
			);
			dependencies = (
				39519C5E205014E30036A87B /* PBXTargetDependency */,
			);
			name = BaalDemoUITests;
			productName = BaalDemoUITests;
			productReference = 39519C5C205014E30036A87B /* BaalDemoUITests.xctest */;
			productType = "com.apple.product-type.bundle.ui-testing";
		};
/* End PBXNativeTarget section */

/* Begin PBXProject section */
		39519C31205014E30036A87B /* Project object */ = {
			isa = PBXProject;
			attributes = {
				LastUpgradeCheck = 0910;
				ORGANIZATIONNAME = dianwoda;
				TargetAttributes = {
					39519C38205014E30036A87B = {
						CreatedOnToolsVersion = 9.1;
						ProvisioningStyle = Automatic;
					};
					39519C50205014E30036A87B = {
						CreatedOnToolsVersion = 9.1;
						ProvisioningStyle = Automatic;
						TestTargetID = 39519C38205014E30036A87B;
					};
					39519C5B205014E30036A87B = {
						CreatedOnToolsVersion = 9.1;
						ProvisioningStyle = Automatic;
						TestTargetID = 39519C38205014E30036A87B;
					};
				};
			};
			buildConfigurationList = 39519C34205014E30036A87B /* Build configuration list for PBXProject "BaalDemo" */;
			compatibilityVersion = "Xcode 8.0";
			developmentRegion = en;
			hasScannedForEncodings = 0;
			knownRegions = (
				en,
				Base,
			);
			mainGroup = 39519C30205014E30036A87B;
			productRefGroup = 39519C3A205014E30036A87B /* Products */;
			projectDirPath = "";
			projectRoot = "";
			targets = (
				39519C38205014E30036A87B /* BaalDemo */,
				39519C50205014E30036A87B /* BaalDemoTests */,
				39519C5B205014E30036A87B /* BaalDemoUITests */,
			);
		};
/* End PBXProject section */

/* Begin PBXResourcesBuildPhase section */
		39519C37205014E30036A87B /* Resources */ = {
			isa = PBXResourcesBuildPhase;
			buildActionMask = 2147483647;
			files = (
				393FAB942073363E006C1594 /* WeexpluginConfig.xml in Resources */,
				393FAB5D2073308A006C1594 /* routeConfig.json in Resources */,
				39519C49205014E30036A87B /* LaunchScreen.storyboard in Resources */,
				391DAF60205FE91F008FF663 /* NotifyChannelViewController.xib in Resources */,
				39519C46205014E30036A87B /* Assets.xcassets in Resources */,
			);
			runOnlyForDeploymentPostprocessing = 0;
		};
		39519C4F205014E30036A87B /* Resources */ = {
			isa = PBXResourcesBuildPhase;
			buildActionMask = 2147483647;
			files = (
			);
			runOnlyForDeploymentPostprocessing = 0;
		};
		39519C5A205014E30036A87B /* Resources */ = {
			isa = PBXResourcesBuildPhase;
			buildActionMask = 2147483647;
			files = (
			);
			runOnlyForDeploymentPostprocessing = 0;
		};
/* End PBXResourcesBuildPhase section */

/* Begin PBXShellScriptBuildPhase section */
		048866E906BD388E6ECD7767 /* [CP] Embed Pods Frameworks */ = {
			isa = PBXShellScriptBuildPhase;
			buildActionMask = 2147483647;
			files = (
			);
			inputPaths = (
			);
			name = "[CP] Embed Pods Frameworks";
			outputPaths = (
			);
			runOnlyForDeploymentPostprocessing = 0;
			shellPath = /bin/sh;
			shellScript = "\"${SRCROOT}/Pods/Target Support Files/Pods-BaalDemo/Pods-BaalDemo-frameworks.sh\"\n";
			showEnvVarsInLog = 0;
		};
		1B742F19E3BDA39351BF6833 /* [CP] Check Pods Manifest.lock */ = {
			isa = PBXShellScriptBuildPhase;
			buildActionMask = 2147483647;
			files = (
			);
			inputPaths = (
				"${PODS_PODFILE_DIR_PATH}/Podfile.lock",
				"${PODS_ROOT}/Manifest.lock",
			);
			name = "[CP] Check Pods Manifest.lock";
			outputPaths = (
				"$(DERIVED_FILE_DIR)/Pods-BaalDemoTests-checkManifestLockResult.txt",
			);
			runOnlyForDeploymentPostprocessing = 0;
			shellPath = /bin/sh;
			shellScript = "diff \"${PODS_PODFILE_DIR_PATH}/Podfile.lock\" \"${PODS_ROOT}/Manifest.lock\" > /dev/null\nif [ $? != 0 ] ; then\n    # print error to STDERR\n    echo \"error: The sandbox is not in sync with the Podfile.lock. Run 'pod install' or update your CocoaPods installation.\" >&2\n    exit 1\nfi\n# This output is used by Xcode 'outputs' to avoid re-running this script phase.\necho \"SUCCESS\" > \"${SCRIPT_OUTPUT_FILE_0}\"\n";
			showEnvVarsInLog = 0;
		};
		246F95BE0D14497BDCE829EC /* [CP] Embed Pods Frameworks */ = {
			isa = PBXShellScriptBuildPhase;
			buildActionMask = 2147483647;
			files = (
			);
			inputPaths = (
			);
			name = "[CP] Embed Pods Frameworks";
			outputPaths = (
			);
			runOnlyForDeploymentPostprocessing = 0;
			shellPath = /bin/sh;
			shellScript = "\"${SRCROOT}/Pods/Target Support Files/Pods-BaalDemoTests/Pods-BaalDemoTests-frameworks.sh\"\n";
			showEnvVarsInLog = 0;
		};
		3BB584C6F372B7F8670FBCDC /* [CP] Check Pods Manifest.lock */ = {
			isa = PBXShellScriptBuildPhase;
			buildActionMask = 2147483647;
			files = (
			);
			inputPaths = (
				"${PODS_PODFILE_DIR_PATH}/Podfile.lock",
				"${PODS_ROOT}/Manifest.lock",
			);
			name = "[CP] Check Pods Manifest.lock";
			outputPaths = (
				"$(DERIVED_FILE_DIR)/Pods-BaalDemo-checkManifestLockResult.txt",
			);
			runOnlyForDeploymentPostprocessing = 0;
			shellPath = /bin/sh;
			shellScript = "diff \"${PODS_PODFILE_DIR_PATH}/Podfile.lock\" \"${PODS_ROOT}/Manifest.lock\" > /dev/null\nif [ $? != 0 ] ; then\n    # print error to STDERR\n    echo \"error: The sandbox is not in sync with the Podfile.lock. Run 'pod install' or update your CocoaPods installation.\" >&2\n    exit 1\nfi\n# This output is used by Xcode 'outputs' to avoid re-running this script phase.\necho \"SUCCESS\" > \"${SCRIPT_OUTPUT_FILE_0}\"\n";
			showEnvVarsInLog = 0;
		};
		A753BB427E932D973DEFAEE9 /* [CP] Copy Pods Resources */ = {
			isa = PBXShellScriptBuildPhase;
			buildActionMask = 2147483647;
			files = (
			);
			inputPaths = (
				"${SRCROOT}/Pods/Target Support Files/Pods-BaalDemo/Pods-BaalDemo-resources.sh",
				"${PODS_ROOT}/WeexSDK/pre-build/native-bundle-main.js",
				"${PODS_ROOT}/WeexSDK/ios/sdk/WeexSDK/Resources/wx_load_error@3x.png",
			);
			name = "[CP] Copy Pods Resources";
			outputPaths = (
				"${TARGET_BUILD_DIR}/${UNLOCALIZED_RESOURCES_FOLDER_PATH}/native-bundle-main.js",
				"${TARGET_BUILD_DIR}/${UNLOCALIZED_RESOURCES_FOLDER_PATH}/wx_load_error@3x.png",
			);
			runOnlyForDeploymentPostprocessing = 0;
			shellPath = /bin/sh;
			shellScript = "\"${SRCROOT}/Pods/Target Support Files/Pods-BaalDemo/Pods-BaalDemo-resources.sh\"\n";
			showEnvVarsInLog = 0;
		};
		B44CF687AF445366AE0AA4D6 /* [CP] Copy Pods Resources */ = {
			isa = PBXShellScriptBuildPhase;
			buildActionMask = 2147483647;
			files = (
			);
			inputPaths = (
				"${SRCROOT}/Pods/Target Support Files/Pods-BaalDemoTests/Pods-BaalDemoTests-resources.sh",
				"${PODS_ROOT}/WeexSDK/pre-build/native-bundle-main.js",
				"${PODS_ROOT}/WeexSDK/ios/sdk/WeexSDK/Resources/wx_load_error@3x.png",
			);
			name = "[CP] Copy Pods Resources";
			outputPaths = (
				"${TARGET_BUILD_DIR}/${UNLOCALIZED_RESOURCES_FOLDER_PATH}/native-bundle-main.js",
				"${TARGET_BUILD_DIR}/${UNLOCALIZED_RESOURCES_FOLDER_PATH}/wx_load_error@3x.png",
			);
			runOnlyForDeploymentPostprocessing = 0;
			shellPath = /bin/sh;
			shellScript = "\"${SRCROOT}/Pods/Target Support Files/Pods-BaalDemoTests/Pods-BaalDemoTests-resources.sh\"\n";
			showEnvVarsInLog = 0;
		};
/* End PBXShellScriptBuildPhase section */

/* Begin PBXSourcesBuildPhase section */
		39519C35205014E30036A87B /* Sources */ = {
			isa = PBXSourcesBuildPhase;
			buildActionMask = 2147483647;
			files = (
				393FAB5F2073308A006C1594 /* BaalRouteModule.m in Sources */,
				393FAB5A2073308A006C1594 /* UIViewController+BaalBase.m in Sources */,
				393FAB6A2073308A006C1594 /* WKWebView+BaalJavaScriptAlert.m in Sources */,
				393FAB9D207365B5006C1594 /* BaalManager+Route.m in Sources */,
				393FAB9A20735419006C1594 /* BaalManager.m in Sources */,
				393FAB5B2073308A006C1594 /* BaalRoute.m in Sources */,
				393FAB5C2073308A006C1594 /* BaalViewControllerRouteManager.m in Sources */,
				393FAB952073363E006C1594 /* WeexPluginConfigParser.m in Sources */,
				393FAB972073363E006C1594 /* WeexPluginManager.m in Sources */,
				393FAB79207333AB006C1594 /* BaalWeexPluginsManager.m in Sources */,
				393FAB6B2073308A006C1594 /* WKWebView+Post.m in Sources */,
				393FAB592073308A006C1594 /* BaalNotifyChannelManager.m in Sources */,
				393FAB672073308A006C1594 /* BaalWeexWebViewController.m in Sources */,
				393FAB962073363E006C1594 /* WeexPluginLoader.m in Sources */,
				39519C4C205014E30036A87B /* main.m in Sources */,
				393FAB8620733597006C1594 /* BaalRouteHandlerImpl.m in Sources */,
				393FAB612073308A006C1594 /* BaalWeexViewController.m in Sources */,
				393FAB692073308A006C1594 /* WKWebView+Baal.m in Sources */,
				393FAB582073308A006C1594 /* BaalHandlerFactory.m in Sources */,
				39519C3E205014E30036A87B /* AppDelegate.m in Sources */,
				393FAB5E2073308A006C1594 /* BaalNotifyChannelModule.m in Sources */,
				393FAB932073363E006C1594 /* GuideModule.m in Sources */,
				393FABA0207365FD006C1594 /* BaalManager+NotifyChannel.m in Sources */,
				391DAF5F205FE91F008FF663 /* NotifyChannelViewController.m in Sources */,
				393FAB8720733597006C1594 /* BaalWeexOrHtmlHandlerImpl.m in Sources */,
				393FAB682073308A006C1594 /* WeakScriptMessageDelegate.m in Sources */,
			);
			runOnlyForDeploymentPostprocessing = 0;
		};
		39519C4D205014E30036A87B /* Sources */ = {
			isa = PBXSourcesBuildPhase;
			buildActionMask = 2147483647;
			files = (
				39519C56205014E30036A87B /* BaalDemoTests.m in Sources */,
			);
			runOnlyForDeploymentPostprocessing = 0;
		};
		39519C58205014E30036A87B /* Sources */ = {
			isa = PBXSourcesBuildPhase;
			buildActionMask = 2147483647;
			files = (
				39519C61205014E30036A87B /* BaalDemoUITests.m in Sources */,
			);
			runOnlyForDeploymentPostprocessing = 0;
		};
/* End PBXSourcesBuildPhase section */

/* Begin PBXTargetDependency section */
		39519C53205014E30036A87B /* PBXTargetDependency */ = {
			isa = PBXTargetDependency;
			target = 39519C38205014E30036A87B /* BaalDemo */;
			targetProxy = 39519C52205014E30036A87B /* PBXContainerItemProxy */;
		};
		39519C5E205014E30036A87B /* PBXTargetDependency */ = {
			isa = PBXTargetDependency;
			target = 39519C38205014E30036A87B /* BaalDemo */;
			targetProxy = 39519C5D205014E30036A87B /* PBXContainerItemProxy */;
		};
/* End PBXTargetDependency section */

/* Begin PBXVariantGroup section */
		39519C47205014E30036A87B /* LaunchScreen.storyboard */ = {
			isa = PBXVariantGroup;
			children = (
				39519C48205014E30036A87B /* Base */,
			);
			name = LaunchScreen.storyboard;
			sourceTree = "<group>";
		};
/* End PBXVariantGroup section */

/* Begin XCBuildConfiguration section */
		39519C63205014E30036A87B /* Debug */ = {
			isa = XCBuildConfiguration;
			buildSettings = {
				ALWAYS_SEARCH_USER_PATHS = NO;
				CLANG_ANALYZER_NONNULL = YES;
				CLANG_ANALYZER_NUMBER_OBJECT_CONVERSION = YES_AGGRESSIVE;
				CLANG_CXX_LANGUAGE_STANDARD = "gnu++14";
				CLANG_CXX_LIBRARY = "libc++";
				CLANG_ENABLE_MODULES = YES;
				CLANG_ENABLE_OBJC_ARC = YES;
				CLANG_WARN_BLOCK_CAPTURE_AUTORELEASING = YES;
				CLANG_WARN_BOOL_CONVERSION = YES;
				CLANG_WARN_COMMA = YES;
				CLANG_WARN_CONSTANT_CONVERSION = YES;
				CLANG_WARN_DIRECT_OBJC_ISA_USAGE = YES_ERROR;
				CLANG_WARN_DOCUMENTATION_COMMENTS = YES;
				CLANG_WARN_EMPTY_BODY = YES;
				CLANG_WARN_ENUM_CONVERSION = YES;
				CLANG_WARN_INFINITE_RECURSION = YES;
				CLANG_WARN_INT_CONVERSION = YES;
				CLANG_WARN_NON_LITERAL_NULL_CONVERSION = YES;
				CLANG_WARN_OBJC_LITERAL_CONVERSION = YES;
				CLANG_WARN_OBJC_ROOT_CLASS = YES_ERROR;
				CLANG_WARN_RANGE_LOOP_ANALYSIS = YES;
				CLANG_WARN_STRICT_PROTOTYPES = YES;
				CLANG_WARN_SUSPICIOUS_MOVE = YES;
				CLANG_WARN_UNGUARDED_AVAILABILITY = YES_AGGRESSIVE;
				CLANG_WARN_UNREACHABLE_CODE = YES;
				CLANG_WARN__DUPLICATE_METHOD_MATCH = YES;
				CODE_SIGN_IDENTITY = "iPhone Developer";
				COPY_PHASE_STRIP = NO;
				DEBUG_INFORMATION_FORMAT = dwarf;
				ENABLE_STRICT_OBJC_MSGSEND = YES;
				ENABLE_TESTABILITY = YES;
				GCC_C_LANGUAGE_STANDARD = gnu11;
				GCC_DYNAMIC_NO_PIC = NO;
				GCC_NO_COMMON_BLOCKS = YES;
				GCC_OPTIMIZATION_LEVEL = 0;
				GCC_PREPROCESSOR_DEFINITIONS = (
					"DEBUG=1",
					"$(inherited)",
				);
				GCC_WARN_64_TO_32_BIT_CONVERSION = YES;
				GCC_WARN_ABOUT_RETURN_TYPE = YES_ERROR;
				GCC_WARN_UNDECLARED_SELECTOR = YES;
				GCC_WARN_UNINITIALIZED_AUTOS = YES_AGGRESSIVE;
				GCC_WARN_UNUSED_FUNCTION = YES;
				GCC_WARN_UNUSED_VARIABLE = YES;
				IPHONEOS_DEPLOYMENT_TARGET = 11.1;
				MTL_ENABLE_DEBUG_INFO = YES;
				ONLY_ACTIVE_ARCH = YES;
				SDKROOT = iphoneos;
			};
			name = Debug;
		};
		39519C64205014E30036A87B /* Release */ = {
			isa = XCBuildConfiguration;
			buildSettings = {
				ALWAYS_SEARCH_USER_PATHS = NO;
				CLANG_ANALYZER_NONNULL = YES;
				CLANG_ANALYZER_NUMBER_OBJECT_CONVERSION = YES_AGGRESSIVE;
				CLANG_CXX_LANGUAGE_STANDARD = "gnu++14";
				CLANG_CXX_LIBRARY = "libc++";
				CLANG_ENABLE_MODULES = YES;
				CLANG_ENABLE_OBJC_ARC = YES;
				CLANG_WARN_BLOCK_CAPTURE_AUTORELEASING = YES;
				CLANG_WARN_BOOL_CONVERSION = YES;
				CLANG_WARN_COMMA = YES;
				CLANG_WARN_CONSTANT_CONVERSION = YES;
				CLANG_WARN_DIRECT_OBJC_ISA_USAGE = YES_ERROR;
				CLANG_WARN_DOCUMENTATION_COMMENTS = YES;
				CLANG_WARN_EMPTY_BODY = YES;
				CLANG_WARN_ENUM_CONVERSION = YES;
				CLANG_WARN_INFINITE_RECURSION = YES;
				CLANG_WARN_INT_CONVERSION = YES;
				CLANG_WARN_NON_LITERAL_NULL_CONVERSION = YES;
				CLANG_WARN_OBJC_LITERAL_CONVERSION = YES;
				CLANG_WARN_OBJC_ROOT_CLASS = YES_ERROR;
				CLANG_WARN_RANGE_LOOP_ANALYSIS = YES;
				CLANG_WARN_STRICT_PROTOTYPES = YES;
				CLANG_WARN_SUSPICIOUS_MOVE = YES;
				CLANG_WARN_UNGUARDED_AVAILABILITY = YES_AGGRESSIVE;
				CLANG_WARN_UNREACHABLE_CODE = YES;
				CLANG_WARN__DUPLICATE_METHOD_MATCH = YES;
				CODE_SIGN_IDENTITY = "iPhone Developer";
				COPY_PHASE_STRIP = NO;
				DEBUG_INFORMATION_FORMAT = "dwarf-with-dsym";
				ENABLE_NS_ASSERTIONS = NO;
				ENABLE_STRICT_OBJC_MSGSEND = YES;
				GCC_C_LANGUAGE_STANDARD = gnu11;
				GCC_NO_COMMON_BLOCKS = YES;
				GCC_WARN_64_TO_32_BIT_CONVERSION = YES;
				GCC_WARN_ABOUT_RETURN_TYPE = YES_ERROR;
				GCC_WARN_UNDECLARED_SELECTOR = YES;
				GCC_WARN_UNINITIALIZED_AUTOS = YES_AGGRESSIVE;
				GCC_WARN_UNUSED_FUNCTION = YES;
				GCC_WARN_UNUSED_VARIABLE = YES;
				IPHONEOS_DEPLOYMENT_TARGET = 11.1;
				MTL_ENABLE_DEBUG_INFO = NO;
				SDKROOT = iphoneos;
				VALIDATE_PRODUCT = YES;
			};
			name = Release;
		};
		39519C66205014E30036A87B /* Debug */ = {
			isa = XCBuildConfiguration;
			baseConfigurationReference = 91704AD08A04965E424C9DAA /* Pods-BaalDemo.debug.xcconfig */;
			buildSettings = {
				ASSETCATALOG_COMPILER_APPICON_NAME = AppIcon;
				CODE_SIGN_STYLE = Automatic;
				DEVELOPMENT_TEAM = TKWR8NFZW9;
				INFOPLIST_FILE = BaalDemo/Info.plist;
				IPHONEOS_DEPLOYMENT_TARGET = 8.0;
				LD_RUNPATH_SEARCH_PATHS = "$(inherited) @executable_path/Frameworks";
				PRODUCT_BUNDLE_IDENTIFIER = com.dianwoda.BaalDemo;
				PRODUCT_NAME = "$(TARGET_NAME)";
				TARGETED_DEVICE_FAMILY = "1,2";
			};
			name = Debug;
		};
		39519C67205014E30036A87B /* Release */ = {
			isa = XCBuildConfiguration;
			baseConfigurationReference = 42D2DF72954BFB401436C320 /* Pods-BaalDemo.release.xcconfig */;
			buildSettings = {
				ASSETCATALOG_COMPILER_APPICON_NAME = AppIcon;
				CODE_SIGN_STYLE = Automatic;
				DEVELOPMENT_TEAM = TKWR8NFZW9;
				INFOPLIST_FILE = BaalDemo/Info.plist;
				IPHONEOS_DEPLOYMENT_TARGET = 8.0;
				LD_RUNPATH_SEARCH_PATHS = "$(inherited) @executable_path/Frameworks";
				PRODUCT_BUNDLE_IDENTIFIER = com.dianwoda.BaalDemo;
				PRODUCT_NAME = "$(TARGET_NAME)";
				TARGETED_DEVICE_FAMILY = "1,2";
			};
			name = Release;
		};
		39519C69205014E30036A87B /* Debug */ = {
			isa = XCBuildConfiguration;
			baseConfigurationReference = 41F28CDDCF07633C7F8C3467 /* Pods-BaalDemoTests.debug.xcconfig */;
			buildSettings = {
				BUNDLE_LOADER = "$(TEST_HOST)";
				CODE_SIGN_STYLE = Automatic;
				DEVELOPMENT_TEAM = TKWR8NFZW9;
				INFOPLIST_FILE = BaalDemoTests/Info.plist;
				LD_RUNPATH_SEARCH_PATHS = "$(inherited) @executable_path/Frameworks @loader_path/Frameworks";
				PRODUCT_BUNDLE_IDENTIFIER = com.dianwoda.BaalDemoTests;
				PRODUCT_NAME = "$(TARGET_NAME)";
				TARGETED_DEVICE_FAMILY = "1,2";
				TEST_HOST = "$(BUILT_PRODUCTS_DIR)/BaalDemo.app/BaalDemo";
			};
			name = Debug;
		};
		39519C6A205014E30036A87B /* Release */ = {
			isa = XCBuildConfiguration;
			baseConfigurationReference = ACE1C03E86DFCCAF42D85204 /* Pods-BaalDemoTests.release.xcconfig */;
			buildSettings = {
				BUNDLE_LOADER = "$(TEST_HOST)";
				CODE_SIGN_STYLE = Automatic;
				DEVELOPMENT_TEAM = TKWR8NFZW9;
				INFOPLIST_FILE = BaalDemoTests/Info.plist;
				LD_RUNPATH_SEARCH_PATHS = "$(inherited) @executable_path/Frameworks @loader_path/Frameworks";
				PRODUCT_BUNDLE_IDENTIFIER = com.dianwoda.BaalDemoTests;
				PRODUCT_NAME = "$(TARGET_NAME)";
				TARGETED_DEVICE_FAMILY = "1,2";
				TEST_HOST = "$(BUILT_PRODUCTS_DIR)/BaalDemo.app/BaalDemo";
			};
			name = Release;
		};
		39519C6C205014E30036A87B /* Debug */ = {
			isa = XCBuildConfiguration;
			buildSettings = {
				CODE_SIGN_STYLE = Automatic;
				DEVELOPMENT_TEAM = TKWR8NFZW9;
				INFOPLIST_FILE = BaalDemoUITests/Info.plist;
				LD_RUNPATH_SEARCH_PATHS = "$(inherited) @executable_path/Frameworks @loader_path/Frameworks";
				PRODUCT_BUNDLE_IDENTIFIER = com.dianwoda.BaalDemoUITests;
				PRODUCT_NAME = "$(TARGET_NAME)";
				TARGETED_DEVICE_FAMILY = "1,2";
				TEST_TARGET_NAME = BaalDemo;
			};
			name = Debug;
		};
		39519C6D205014E30036A87B /* Release */ = {
			isa = XCBuildConfiguration;
			buildSettings = {
				CODE_SIGN_STYLE = Automatic;
				DEVELOPMENT_TEAM = TKWR8NFZW9;
				INFOPLIST_FILE = BaalDemoUITests/Info.plist;
				LD_RUNPATH_SEARCH_PATHS = "$(inherited) @executable_path/Frameworks @loader_path/Frameworks";
				PRODUCT_BUNDLE_IDENTIFIER = com.dianwoda.BaalDemoUITests;
				PRODUCT_NAME = "$(TARGET_NAME)";
				TARGETED_DEVICE_FAMILY = "1,2";
				TEST_TARGET_NAME = BaalDemo;
			};
			name = Release;
		};
/* End XCBuildConfiguration section */

/* Begin XCConfigurationList section */
		39519C34205014E30036A87B /* Build configuration list for PBXProject "BaalDemo" */ = {
			isa = XCConfigurationList;
			buildConfigurations = (
				39519C63205014E30036A87B /* Debug */,
				39519C64205014E30036A87B /* Release */,
			);
			defaultConfigurationIsVisible = 0;
			defaultConfigurationName = Release;
		};
		39519C65205014E30036A87B /* Build configuration list for PBXNativeTarget "BaalDemo" */ = {
			isa = XCConfigurationList;
			buildConfigurations = (
				39519C66205014E30036A87B /* Debug */,
				39519C67205014E30036A87B /* Release */,
			);
			defaultConfigurationIsVisible = 0;
			defaultConfigurationName = Release;
		};
		39519C68205014E30036A87B /* Build configuration list for PBXNativeTarget "BaalDemoTests" */ = {
			isa = XCConfigurationList;
			buildConfigurations = (
				39519C69205014E30036A87B /* Debug */,
				39519C6A205014E30036A87B /* Release */,
			);
			defaultConfigurationIsVisible = 0;
			defaultConfigurationName = Release;
		};
		39519C6B205014E30036A87B /* Build configuration list for PBXNativeTarget "BaalDemoUITests" */ = {
			isa = XCConfigurationList;
			buildConfigurations = (
				39519C6C205014E30036A87B /* Debug */,
				39519C6D205014E30036A87B /* Release */,
			);
			defaultConfigurationIsVisible = 0;
			defaultConfigurationName = Release;
		};
/* End XCConfigurationList section */
	};
	rootObject = 39519C31205014E30036A87B /* Project object */;
}
