// !$*UTF8*$!
{
	archiveVersion = 1;
	classes = {
	};
	objectVersion = 48;
	objects = {

/* Begin PBXBuildFile section */
		084C64E6FC8697160A61C2C5 /* libPods-BaalDemo.a in Frameworks */ = {isa = PBXBuildFile; fileRef = 5F1C4BA4FEA1BE4A8A08B41C /* libPods-BaalDemo.a */; };
		391DAF5F205FE91F008FF663 /* NotifyChannelViewController.m in Sources */ = {isa = PBXBuildFile; fileRef = 391DAF5D205FE91F008FF663 /* NotifyChannelViewController.m */; };
		391DAF60205FE91F008FF663 /* NotifyChannelViewController.xib in Resources */ = {isa = PBXBuildFile; fileRef = 391DAF5E205FE91F008FF663 /* NotifyChannelViewController.xib */; };
		391DAF672060B665008FF663 /* BaalHandlerFactory.m in Sources */ = {isa = PBXBuildFile; fileRef = 391DAF632060B665008FF663 /* BaalHandlerFactory.m */; };
		391DAF682060B665008FF663 /* NotifyChannelManager.m in Sources */ = {isa = PBXBuildFile; fileRef = 391DAF662060B665008FF663 /* NotifyChannelManager.m */; };
		391DAF782060B66B008FF663 /* WeexpluginConfig.xml in Resources */ = {isa = PBXBuildFile; fileRef = 391DAF6A2060B66B008FF663 /* WeexpluginConfig.xml */; };
		391DAF792060B66B008FF663 /* WeexPluginConfigParser.m in Sources */ = {isa = PBXBuildFile; fileRef = 391DAF6C2060B66B008FF663 /* WeexPluginConfigParser.m */; };
		391DAF7A2060B66B008FF663 /* WeexPluginLoader.m in Sources */ = {isa = PBXBuildFile; fileRef = 391DAF6E2060B66B008FF663 /* WeexPluginLoader.m */; };
		391DAF7B2060B66B008FF663 /* WeexPluginManager.m in Sources */ = {isa = PBXBuildFile; fileRef = 391DAF702060B66B008FF663 /* WeexPluginManager.m */; };
		391DAF7E2060B66B008FF663 /* WeexSDKManager.m in Sources */ = {isa = PBXBuildFile; fileRef = 391DAF772060B66B008FF663 /* WeexSDKManager.m */; };
		391DAF8C2060B671008FF663 /* BaalWeexWebViewController.m in Sources */ = {isa = PBXBuildFile; fileRef = 391DAF832060B671008FF663 /* BaalWeexWebViewController.m */; };
		391DAF8D2060B671008FF663 /* WeakScriptMessageDelegate.m in Sources */ = {isa = PBXBuildFile; fileRef = 391DAF852060B671008FF663 /* WeakScriptMessageDelegate.m */; };
		391DAF8E2060B671008FF663 /* WKWebView+Baal.m in Sources */ = {isa = PBXBuildFile; fileRef = 391DAF872060B671008FF663 /* WKWebView+Baal.m */; };
		391DAF8F2060B671008FF663 /* WKWebView+BaalJavaScriptAlert.m in Sources */ = {isa = PBXBuildFile; fileRef = 391DAF892060B671008FF663 /* WKWebView+BaalJavaScriptAlert.m */; };
		391DAF902060B671008FF663 /* WKWebView+Post.m in Sources */ = {isa = PBXBuildFile; fileRef = 391DAF8B2060B671008FF663 /* WKWebView+Post.m */; };
		391DAF962060B6F0008FF663 /* GuideModule.m in Sources */ = {isa = PBXBuildFile; fileRef = 391DAF932060B6F0008FF663 /* GuideModule.m */; };
		391DAF972060B6F0008FF663 /* NotifyChannelModule.m in Sources */ = {isa = PBXBuildFile; fileRef = 391DAF952060B6F0008FF663 /* NotifyChannelModule.m */; };
		393DAF02205BC7BF0058CE36 /* BaalWeexOrHtmlHandlerImpl.m in Sources */ = {isa = PBXBuildFile; fileRef = 393DAF01205BC7BF0058CE36 /* BaalWeexOrHtmlHandlerImpl.m */; };
		39519C3E205014E30036A87B /* AppDelegate.m in Sources */ = {isa = PBXBuildFile; fileRef = 39519C3D205014E30036A87B /* AppDelegate.m */; };
		39519C46205014E30036A87B /* Assets.xcassets in Resources */ = {isa = PBXBuildFile; fileRef = 39519C45205014E30036A87B /* Assets.xcassets */; };
		39519C49205014E30036A87B /* LaunchScreen.storyboard in Resources */ = {isa = PBXBuildFile; fileRef = 39519C47205014E30036A87B /* LaunchScreen.storyboard */; };
		39519C4C205014E30036A87B /* main.m in Sources */ = {isa = PBXBuildFile; fileRef = 39519C4B205014E30036A87B /* main.m */; };
		39519C56205014E30036A87B /* BaalDemoTests.m in Sources */ = {isa = PBXBuildFile; fileRef = 39519C55205014E30036A87B /* BaalDemoTests.m */; };
		39519C61205014E30036A87B /* BaalDemoUITests.m in Sources */ = {isa = PBXBuildFile; fileRef = 39519C60205014E30036A87B /* BaalDemoUITests.m */; };
		C28E3FFDB214CAF5D2D2252B /* libPods-BaalDemoTests.a in Frameworks */ = {isa = PBXBuildFile; fileRef = CBE39DFC737566413E63F3C2 /* libPods-BaalDemoTests.a */; };
/* End PBXBuildFile section */

/* Begin PBXContainerItemProxy section */
		39519C52205014E30036A87B /* PBXContainerItemProxy */ = {
			isa = PBXContainerItemProxy;
			containerPortal = 39519C31205014E30036A87B /* Project object */;
			proxyType = 1;
			remoteGlobalIDString = 39519C38205014E30036A87B;
			remoteInfo = BaalDemo;
		};
		39519C5D205014E30036A87B /* PBXContainerItemProxy */ = {
			isa = PBXContainerItemProxy;
			containerPortal = 39519C31205014E30036A87B /* Project object */;
			proxyType = 1;
			remoteGlobalIDString = 39519C38205014E30036A87B;
			remoteInfo = BaalDemo;
		};
/* End PBXContainerItemProxy section */

/* Begin PBXFileReference section */
		391DAF5C205FE91F008FF663 /* NotifyChannelViewController.h */ = {isa = PBXFileReference; lastKnownFileType = sourcecode.c.h; path = NotifyChannelViewController.h; sourceTree = "<group>"; };
		391DAF5D205FE91F008FF663 /* NotifyChannelViewController.m */ = {isa = PBXFileReference; lastKnownFileType = sourcecode.c.objc; path = NotifyChannelViewController.m; sourceTree = "<group>"; };
		391DAF5E205FE91F008FF663 /* NotifyChannelViewController.xib */ = {isa = PBXFileReference; lastKnownFileType = file.xib; path = NotifyChannelViewController.xib; sourceTree = "<group>"; };
		391DAF622060B665008FF663 /* BaalHandlerFactory.h */ = {isa = PBXFileReference; fileEncoding = 4; lastKnownFileType = sourcecode.c.h; path = BaalHandlerFactory.h; sourceTree = "<group>"; };
		391DAF632060B665008FF663 /* BaalHandlerFactory.m */ = {isa = PBXFileReference; fileEncoding = 4; lastKnownFileType = sourcecode.c.objc; path = BaalHandlerFactory.m; sourceTree = "<group>"; };
		391DAF642060B665008FF663 /* BaalWeexOrHtmlHandlerProtocol.h */ = {isa = PBXFileReference; fileEncoding = 4; lastKnownFileType = sourcecode.c.h; path = BaalWeexOrHtmlHandlerProtocol.h; sourceTree = "<group>"; };
		391DAF652060B665008FF663 /* NotifyChannelManager.h */ = {isa = PBXFileReference; fileEncoding = 4; lastKnownFileType = sourcecode.c.h; path = NotifyChannelManager.h; sourceTree = "<group>"; };
		391DAF662060B665008FF663 /* NotifyChannelManager.m */ = {isa = PBXFileReference; fileEncoding = 4; lastKnownFileType = sourcecode.c.objc; path = NotifyChannelManager.m; sourceTree = "<group>"; };
		391DAF6A2060B66B008FF663 /* WeexpluginConfig.xml */ = {isa = PBXFileReference; fileEncoding = 4; lastKnownFileType = text.xml; path = WeexpluginConfig.xml; sourceTree = "<group>"; };
		391DAF6B2060B66B008FF663 /* WeexPluginConfigParser.h */ = {isa = PBXFileReference; fileEncoding = 4; lastKnownFileType = sourcecode.c.h; path = WeexPluginConfigParser.h; sourceTree = "<group>"; };
		391DAF6C2060B66B008FF663 /* WeexPluginConfigParser.m */ = {isa = PBXFileReference; fileEncoding = 4; lastKnownFileType = sourcecode.c.objc; path = WeexPluginConfigParser.m; sourceTree = "<group>"; };
		391DAF6D2060B66B008FF663 /* WeexPluginLoader.h */ = {isa = PBXFileReference; fileEncoding = 4; lastKnownFileType = sourcecode.c.h; path = WeexPluginLoader.h; sourceTree = "<group>"; };
		391DAF6E2060B66B008FF663 /* WeexPluginLoader.m */ = {isa = PBXFileReference; fileEncoding = 4; lastKnownFileType = sourcecode.c.objc; path = WeexPluginLoader.m; sourceTree = "<group>"; };
		391DAF6F2060B66B008FF663 /* WeexPluginManager.h */ = {isa = PBXFileReference; fileEncoding = 4; lastKnownFileType = sourcecode.c.h; path = WeexPluginManager.h; sourceTree = "<group>"; };
		391DAF702060B66B008FF663 /* WeexPluginManager.m */ = {isa = PBXFileReference; fileEncoding = 4; lastKnownFileType = sourcecode.c.objc; path = WeexPluginManager.m; sourceTree = "<group>"; };
		391DAF762060B66B008FF663 /* WeexSDKManager.h */ = {isa = PBXFileReference; fileEncoding = 4; lastKnownFileType = sourcecode.c.h; path = WeexSDKManager.h; sourceTree = "<group>"; };
		391DAF772060B66B008FF663 /* WeexSDKManager.m */ = {isa = PBXFileReference; fileEncoding = 4; lastKnownFileType = sourcecode.c.objc; path = WeexSDKManager.m; sourceTree = "<group>"; };
		391DAF802060B671008FF663 /* Baal_ConfigurationDefine.h */ = {isa = PBXFileReference; fileEncoding = 4; lastKnownFileType = sourcecode.c.h; path = Baal_ConfigurationDefine.h; sourceTree = "<group>"; };
		391DAF812060B671008FF663 /* Baal_WebView.h */ = {isa = PBXFileReference; fileEncoding = 4; lastKnownFileType = sourcecode.c.h; path = Baal_WebView.h; sourceTree = "<group>"; };
		391DAF822060B671008FF663 /* BaalWeexWebViewController.h */ = {isa = PBXFileReference; fileEncoding = 4; lastKnownFileType = sourcecode.c.h; path = BaalWeexWebViewController.h; sourceTree = "<group>"; };
		391DAF832060B671008FF663 /* BaalWeexWebViewController.m */ = {isa = PBXFileReference; fileEncoding = 4; lastKnownFileType = sourcecode.c.objc; path = BaalWeexWebViewController.m; sourceTree = "<group>"; };
		391DAF842060B671008FF663 /* WeakScriptMessageDelegate.h */ = {isa = PBXFileReference; fileEncoding = 4; lastKnownFileType = sourcecode.c.h; path = WeakScriptMessageDelegate.h; sourceTree = "<group>"; };
		391DAF852060B671008FF663 /* WeakScriptMessageDelegate.m */ = {isa = PBXFileReference; fileEncoding = 4; lastKnownFileType = sourcecode.c.objc; path = WeakScriptMessageDelegate.m; sourceTree = "<group>"; };
		391DAF862060B671008FF663 /* WKWebView+Baal.h */ = {isa = PBXFileReference; fileEncoding = 4; lastKnownFileType = sourcecode.c.h; path = "WKWebView+Baal.h"; sourceTree = "<group>"; };
		391DAF872060B671008FF663 /* WKWebView+Baal.m */ = {isa = PBXFileReference; fileEncoding = 4; lastKnownFileType = sourcecode.c.objc; path = "WKWebView+Baal.m"; sourceTree = "<group>"; };
		391DAF882060B671008FF663 /* WKWebView+BaalJavaScriptAlert.h */ = {isa = PBXFileReference; fileEncoding = 4; lastKnownFileType = sourcecode.c.h; path = "WKWebView+BaalJavaScriptAlert.h"; sourceTree = "<group>"; };
		391DAF892060B671008FF663 /* WKWebView+BaalJavaScriptAlert.m */ = {isa = PBXFileReference; fileEncoding = 4; lastKnownFileType = sourcecode.c.objc; path = "WKWebView+BaalJavaScriptAlert.m"; sourceTree = "<group>"; };
		391DAF8A2060B671008FF663 /* WKWebView+Post.h */ = {isa = PBXFileReference; fileEncoding = 4; lastKnownFileType = sourcecode.c.h; path = "WKWebView+Post.h"; sourceTree = "<group>"; };
		391DAF8B2060B671008FF663 /* WKWebView+Post.m */ = {isa = PBXFileReference; fileEncoding = 4; lastKnownFileType = sourcecode.c.objc; path = "WKWebView+Post.m"; sourceTree = "<group>"; };
		391DAF922060B6F0008FF663 /* GuideModule.h */ = {isa = PBXFileReference; fileEncoding = 4; lastKnownFileType = sourcecode.c.h; path = GuideModule.h; sourceTree = "<group>"; };
		391DAF932060B6F0008FF663 /* GuideModule.m */ = {isa = PBXFileReference; fileEncoding = 4; lastKnownFileType = sourcecode.c.objc; path = GuideModule.m; sourceTree = "<group>"; };
		391DAF942060B6F0008FF663 /* NotifyChannelModule.h */ = {isa = PBXFileReference; fileEncoding = 4; lastKnownFileType = sourcecode.c.h; path = NotifyChannelModule.h; sourceTree = "<group>"; };
		391DAF952060B6F0008FF663 /* NotifyChannelModule.m */ = {isa = PBXFileReference; fileEncoding = 4; lastKnownFileType = sourcecode.c.objc; path = NotifyChannelModule.m; sourceTree = "<group>"; };
		393DAF00205BC7BF0058CE36 /* BaalWeexOrHtmlHandlerImpl.h */ = {isa = PBXFileReference; lastKnownFileType = sourcecode.c.h; path = BaalWeexOrHtmlHandlerImpl.h; sourceTree = "<group>"; };
		393DAF01205BC7BF0058CE36 /* BaalWeexOrHtmlHandlerImpl.m */ = {isa = PBXFileReference; lastKnownFileType = sourcecode.c.objc; path = BaalWeexOrHtmlHandlerImpl.m; sourceTree = "<group>"; };
		39519C39205014E30036A87B /* BaalDemo.app */ = {isa = PBXFileReference; explicitFileType = wrapper.application; includeInIndex = 0; path = BaalDemo.app; sourceTree = BUILT_PRODUCTS_DIR; };
		39519C3C205014E30036A87B /* AppDelegate.h */ = {isa = PBXFileReference; lastKnownFileType = sourcecode.c.h; path = AppDelegate.h; sourceTree = "<group>"; };
		39519C3D205014E30036A87B /* AppDelegate.m */ = {isa = PBXFileReference; lastKnownFileType = sourcecode.c.objc; path = AppDelegate.m; sourceTree = "<group>"; };
		39519C45205014E30036A87B /* Assets.xcassets */ = {isa = PBXFileReference; lastKnownFileType = folder.assetcatalog; path = Assets.xcassets; sourceTree = "<group>"; };
		39519C48205014E30036A87B /* Base */ = {isa = PBXFileReference; lastKnownFileType = file.storyboard; name = Base; path = Base.lproj/LaunchScreen.storyboard; sourceTree = "<group>"; };
		39519C4A205014E30036A87B /* Info.plist */ = {isa = PBXFileReference; lastKnownFileType = text.plist.xml; path = Info.plist; sourceTree = "<group>"; };
		39519C4B205014E30036A87B /* main.m */ = {isa = PBXFileReference; lastKnownFileType = sourcecode.c.objc; path = main.m; sourceTree = "<group>"; };
		39519C51205014E30036A87B /* BaalDemoTests.xctest */ = {isa = PBXFileReference; explicitFileType = wrapper.cfbundle; includeInIndex = 0; path = BaalDemoTests.xctest; sourceTree = BUILT_PRODUCTS_DIR; };
		39519C55205014E30036A87B /* BaalDemoTests.m */ = {isa = PBXFileReference; lastKnownFileType = sourcecode.c.objc; path = BaalDemoTests.m; sourceTree = "<group>"; };
		39519C57205014E30036A87B /* Info.plist */ = {isa = PBXFileReference; lastKnownFileType = text.plist.xml; path = Info.plist; sourceTree = "<group>"; };
		39519C5C205014E30036A87B /* BaalDemoUITests.xctest */ = {isa = PBXFileReference; explicitFileType = wrapper.cfbundle; includeInIndex = 0; path = BaalDemoUITests.xctest; sourceTree = BUILT_PRODUCTS_DIR; };
		39519C60205014E30036A87B /* BaalDemoUITests.m */ = {isa = PBXFileReference; lastKnownFileType = sourcecode.c.objc; path = BaalDemoUITests.m; sourceTree = "<group>"; };
		39519C62205014E30036A87B /* Info.plist */ = {isa = PBXFileReference; lastKnownFileType = text.plist.xml; path = Info.plist; sourceTree = "<group>"; };
		41F28CDDCF07633C7F8C3467 /* Pods-BaalDemoTests.debug.xcconfig */ = {isa = PBXFileReference; includeInIndex = 1; lastKnownFileType = text.xcconfig; name = "Pods-BaalDemoTests.debug.xcconfig"; path = "Pods/Target Support Files/Pods-BaalDemoTests/Pods-BaalDemoTests.debug.xcconfig"; sourceTree = "<group>"; };
		42D2DF72954BFB401436C320 /* Pods-BaalDemo.release.xcconfig */ = {isa = PBXFileReference; includeInIndex = 1; lastKnownFileType = text.xcconfig; name = "Pods-BaalDemo.release.xcconfig"; path = "Pods/Target Support Files/Pods-BaalDemo/Pods-BaalDemo.release.xcconfig"; sourceTree = "<group>"; };
		5F1C4BA4FEA1BE4A8A08B41C /* libPods-BaalDemo.a */ = {isa = PBXFileReference; explicitFileType = archive.ar; includeInIndex = 0; path = "libPods-BaalDemo.a"; sourceTree = BUILT_PRODUCTS_DIR; };
		91704AD08A04965E424C9DAA /* Pods-BaalDemo.debug.xcconfig */ = {isa = PBXFileReference; includeInIndex = 1; lastKnownFileType = text.xcconfig; name = "Pods-BaalDemo.debug.xcconfig"; path = "Pods/Target Support Files/Pods-BaalDemo/Pods-BaalDemo.debug.xcconfig"; sourceTree = "<group>"; };
		ACE1C03E86DFCCAF42D85204 /* Pods-BaalDemoTests.release.xcconfig */ = {isa = PBXFileReference; includeInIndex = 1; lastKnownFileType = text.xcconfig; name = "Pods-BaalDemoTests.release.xcconfig"; path = "Pods/Target Support Files/Pods-BaalDemoTests/Pods-BaalDemoTests.release.xcconfig"; sourceTree = "<group>"; };
		CBE39DFC737566413E63F3C2 /* libPods-BaalDemoTests.a */ = {isa = PBXFileReference; explicitFileType = archive.ar; includeInIndex = 0; path = "libPods-BaalDemoTests.a"; sourceTree = BUILT_PRODUCTS_DIR; };
/* End PBXFileReference section */

/* Begin PBXFrameworksBuildPhase section */
		39519C36205014E30036A87B /* Frameworks */ = {
			isa = PBXFrameworksBuildPhase;
			buildActionMask = 2147483647;
			files = (
				084C64E6FC8697160A61C2C5 /* libPods-BaalDemo.a in Frameworks */,
			);
			runOnlyForDeploymentPostprocessing = 0;
		};
		39519C4E205014E30036A87B /* Frameworks */ = {
			isa = PBXFrameworksBuildPhase;
			buildActionMask = 2147483647;
			files = (
				C28E3FFDB214CAF5D2D2252B /* libPods-BaalDemoTests.a in Frameworks */,
			);
			runOnlyForDeploymentPostprocessing = 0;
		};
		39519C59205014E30036A87B /* Frameworks */ = {
			isa = PBXFrameworksBuildPhase;
			buildActionMask = 2147483647;
			files = (
			);
			runOnlyForDeploymentPostprocessing = 0;
		};
/* End PBXFrameworksBuildPhase section */

/* Begin PBXGroup section */
		391DAF612060B665008FF663 /* common */ = {
			isa = PBXGroup;
			children = (
				391DAF622060B665008FF663 /* BaalHandlerFactory.h */,
				391DAF632060B665008FF663 /* BaalHandlerFactory.m */,
				391DAF642060B665008FF663 /* BaalWeexOrHtmlHandlerProtocol.h */,
				391DAF652060B665008FF663 /* NotifyChannelManager.h */,
				391DAF662060B665008FF663 /* NotifyChannelManager.m */,
			);
			path = common;
			sourceTree = "<group>";
		};
		391DAF692060B66B008FF663 /* weex */ = {
			isa = PBXGroup;
			children = (
				391DAF912060B6F0008FF663 /* baalweexPlugins */,
				391DAF6A2060B66B008FF663 /* WeexpluginConfig.xml */,
				391DAF6B2060B66B008FF663 /* WeexPluginConfigParser.h */,
				391DAF6C2060B66B008FF663 /* WeexPluginConfigParser.m */,
				391DAF6D2060B66B008FF663 /* WeexPluginLoader.h */,
				391DAF6E2060B66B008FF663 /* WeexPluginLoader.m */,
				391DAF6F2060B66B008FF663 /* WeexPluginManager.h */,
				391DAF702060B66B008FF663 /* WeexPluginManager.m */,
				391DAF762060B66B008FF663 /* WeexSDKManager.h */,
				391DAF772060B66B008FF663 /* WeexSDKManager.m */,
			);
			path = weex;
			sourceTree = "<group>";
		};
		391DAF7F2060B671008FF663 /* weexh5 */ = {
			isa = PBXGroup;
			children = (
				391DAF802060B671008FF663 /* Baal_ConfigurationDefine.h */,
				391DAF812060B671008FF663 /* Baal_WebView.h */,
				391DAF822060B671008FF663 /* BaalWeexWebViewController.h */,
				391DAF832060B671008FF663 /* BaalWeexWebViewController.m */,
				391DAF842060B671008FF663 /* WeakScriptMessageDelegate.h */,
				391DAF852060B671008FF663 /* WeakScriptMessageDelegate.m */,
				391DAF862060B671008FF663 /* WKWebView+Baal.h */,
				391DAF872060B671008FF663 /* WKWebView+Baal.m */,
				391DAF882060B671008FF663 /* WKWebView+BaalJavaScriptAlert.h */,
				391DAF892060B671008FF663 /* WKWebView+BaalJavaScriptAlert.m */,
				391DAF8A2060B671008FF663 /* WKWebView+Post.h */,
				391DAF8B2060B671008FF663 /* WKWebView+Post.m */,
			);
			path = weexh5;
			sourceTree = "<group>";
		};
		391DAF912060B6F0008FF663 /* baalweexPlugins */ = {
			isa = PBXGroup;
			children = (
				391DAF922060B6F0008FF663 /* GuideModule.h */,
				391DAF932060B6F0008FF663 /* GuideModule.m */,
				391DAF942060B6F0008FF663 /* NotifyChannelModule.h */,
				391DAF952060B6F0008FF663 /* NotifyChannelModule.m */,
			);
			path = baalweexPlugins;
			sourceTree = "<group>";
		};
		39519C30205014E30036A87B = {
			isa = PBXGroup;
			children = (
				39519C3B205014E30036A87B /* BaalDemo */,
				39519C54205014E30036A87B /* BaalDemoTests */,
				39519C5F205014E30036A87B /* BaalDemoUITests */,
				39519C3A205014E30036A87B /* Products */,
				D690B769ADDD8FA74DD0B35F /* Pods */,
				E11FB5270B4DFE8B549E5CFE /* Frameworks */,
			);
			sourceTree = "<group>";
		};
		39519C3A205014E30036A87B /* Products */ = {
			isa = PBXGroup;
			children = (
				39519C39205014E30036A87B /* BaalDemo.app */,
				39519C51205014E30036A87B /* BaalDemoTests.xctest */,
				39519C5C205014E30036A87B /* BaalDemoUITests.xctest */,
			);
			name = Products;
			sourceTree = "<group>";
		};
		39519C3B205014E30036A87B /* BaalDemo */ = {
			isa = PBXGroup;
			children = (
				391DAF7F2060B671008FF663 /* weexh5 */,
				391DAF692060B66B008FF663 /* weex */,
				391DAF612060B665008FF663 /* common */,
				39519C3C205014E30036A87B /* AppDelegate.h */,
				39519C3D205014E30036A87B /* AppDelegate.m */,
				39519C45205014E30036A87B /* Assets.xcassets */,
				39519C47205014E30036A87B /* LaunchScreen.storyboard */,
				39519C4A205014E30036A87B /* Info.plist */,
				39519C4B205014E30036A87B /* main.m */,
				393DAF00205BC7BF0058CE36 /* BaalWeexOrHtmlHandlerImpl.h */,
				393DAF01205BC7BF0058CE36 /* BaalWeexOrHtmlHandlerImpl.m */,
				391DAF5C205FE91F008FF663 /* NotifyChannelViewController.h */,
				391DAF5D205FE91F008FF663 /* NotifyChannelViewController.m */,
				391DAF5E205FE91F008FF663 /* NotifyChannelViewController.xib */,
			);
			path = BaalDemo;
			sourceTree = "<group>";
		};
		39519C54205014E30036A87B /* BaalDemoTests */ = {
			isa = PBXGroup;
			children = (
				39519C55205014E30036A87B /* BaalDemoTests.m */,
				39519C57205014E30036A87B /* Info.plist */,
			);
			path = BaalDemoTests;
			sourceTree = "<group>";
		};
		39519C5F205014E30036A87B /* BaalDemoUITests */ = {
			isa = PBXGroup;
			children = (
				39519C60205014E30036A87B /* BaalDemoUITests.m */,
				39519C62205014E30036A87B /* Info.plist */,
			);
			path = BaalDemoUITests;
			sourceTree = "<group>";
		};
		D690B769ADDD8FA74DD0B35F /* Pods */ = {
			isa = PBXGroup;
			children = (
				91704AD08A04965E424C9DAA /* Pods-BaalDemo.debug.xcconfig */,
				42D2DF72954BFB401436C320 /* Pods-BaalDemo.release.xcconfig */,
				41F28CDDCF07633C7F8C3467 /* Pods-BaalDemoTests.debug.xcconfig */,
				ACE1C03E86DFCCAF42D85204 /* Pods-BaalDemoTests.release.xcconfig */,
			);
			name = Pods;
			sourceTree = "<group>";
		};
		E11FB5270B4DFE8B549E5CFE /* Frameworks */ = {
			isa = PBXGroup;
			children = (
				5F1C4BA4FEA1BE4A8A08B41C /* libPods-BaalDemo.a */,
				CBE39DFC737566413E63F3C2 /* libPods-BaalDemoTests.a */,
			);
			name = Frameworks;
			sourceTree = "<group>";
		};
/* End PBXGroup section */

/* Begin PBXNativeTarget section */
		39519C38205014E30036A87B /* BaalDemo */ = {
			isa = PBXNativeTarget;
			buildConfigurationList = 39519C65205014E30036A87B /* Build configuration list for PBXNativeTarget "BaalDemo" */;
			buildPhases = (
				3BB584C6F372B7F8670FBCDC /* [CP] Check Pods Manifest.lock */,
				39519C35205014E30036A87B /* Sources */,
				39519C36205014E30036A87B /* Frameworks */,
				39519C37205014E30036A87B /* Resources */,
				048866E906BD388E6ECD7767 /* [CP] Embed Pods Frameworks */,
				A753BB427E932D973DEFAEE9 /* [CP] Copy Pods Resources */,
			);
			buildRules = (
			);
			dependencies = (
			);
			name = BaalDemo;
			productName = BaalDemo;
			productReference = 39519C39205014E30036A87B /* BaalDemo.app */;
			productType = "com.apple.product-type.application";
		};
		39519C50205014E30036A87B /* BaalDemoTests */ = {
			isa = PBXNativeTarget;
			buildConfigurationList = 39519C68205014E30036A87B /* Build configuration list for PBXNativeTarget "BaalDemoTests" */;
			buildPhases = (
				1B742F19E3BDA39351BF6833 /* [CP] Check Pods Manifest.lock */,
				39519C4D205014E30036A87B /* Sources */,
				39519C4E205014E30036A87B /* Frameworks */,
				39519C4F205014E30036A87B /* Resources */,
				246F95BE0D14497BDCE829EC /* [CP] Embed Pods Frameworks */,
				B44CF687AF445366AE0AA4D6 /* [CP] Copy Pods Resources */,
			);
			buildRules = (
			);
			dependencies = (
				39519C53205014E30036A87B /* PBXTargetDependency */,
			);
			name = BaalDemoTests;
			productName = BaalDemoTests;
			productReference = 39519C51205014E30036A87B /* BaalDemoTests.xctest */;
			productType = "com.apple.product-type.bundle.unit-test";
		};
		39519C5B205014E30036A87B /* BaalDemoUITests */ = {
			isa = PBXNativeTarget;
			buildConfigurationList = 39519C6B205014E30036A87B /* Build configuration list for PBXNativeTarget "BaalDemoUITests" */;
			buildPhases = (
				39519C58205014E30036A87B /* Sources */,
				39519C59205014E30036A87B /* Frameworks */,
				39519C5A205014E30036A87B /* Resources */,
			);
			buildRules = (
			);
			dependencies = (
				39519C5E205014E30036A87B /* PBXTargetDependency */,
			);
			name = BaalDemoUITests;
			productName = BaalDemoUITests;
			productReference = 39519C5C205014E30036A87B /* BaalDemoUITests.xctest */;
			productType = "com.apple.product-type.bundle.ui-testing";
		};
/* End PBXNativeTarget section */

/* Begin PBXProject section */
		39519C31205014E30036A87B /* Project object */ = {
			isa = PBXProject;
			attributes = {
				LastUpgradeCheck = 0910;
				ORGANIZATIONNAME = dianwoda;
				TargetAttributes = {
					39519C38205014E30036A87B = {
						CreatedOnToolsVersion = 9.1;
						ProvisioningStyle = Automatic;
					};
					39519C50205014E30036A87B = {
						CreatedOnToolsVersion = 9.1;
						ProvisioningStyle = Automatic;
						TestTargetID = 39519C38205014E30036A87B;
					};
					39519C5B205014E30036A87B = {
						CreatedOnToolsVersion = 9.1;
						ProvisioningStyle = Automatic;
						TestTargetID = 39519C38205014E30036A87B;
					};
				};
			};
			buildConfigurationList = 39519C34205014E30036A87B /* Build configuration list for PBXProject "BaalDemo" */;
			compatibilityVersion = "Xcode 8.0";
			developmentRegion = en;
			hasScannedForEncodings = 0;
			knownRegions = (
				en,
				Base,
			);
			mainGroup = 39519C30205014E30036A87B;
			productRefGroup = 39519C3A205014E30036A87B /* Products */;
			projectDirPath = "";
			projectRoot = "";
			targets = (
				39519C38205014E30036A87B /* BaalDemo */,
				39519C50205014E30036A87B /* BaalDemoTests */,
				39519C5B205014E30036A87B /* BaalDemoUITests */,
			);
		};
/* End PBXProject section */

/* Begin PBXResourcesBuildPhase section */
		39519C37205014E30036A87B /* Resources */ = {
			isa = PBXResourcesBuildPhase;
			buildActionMask = 2147483647;
			files = (
				39519C49205014E30036A87B /* LaunchScreen.storyboard in Resources */,
				391DAF782060B66B008FF663 /* WeexpluginConfig.xml in Resources */,
				391DAF60205FE91F008FF663 /* NotifyChannelViewController.xib in Resources */,
				39519C46205014E30036A87B /* Assets.xcassets in Resources */,
			);
			runOnlyForDeploymentPostprocessing = 0;
		};
		39519C4F205014E30036A87B /* Resources */ = {
			isa = PBXResourcesBuildPhase;
			buildActionMask = 2147483647;
			files = (
			);
			runOnlyForDeploymentPostprocessing = 0;
		};
		39519C5A205014E30036A87B /* Resources */ = {
			isa = PBXResourcesBuildPhase;
			buildActionMask = 2147483647;
			files = (
			);
			runOnlyForDeploymentPostprocessing = 0;
		};
/* End PBXResourcesBuildPhase section */

/* Begin PBXShellScriptBuildPhase section */
		048866E906BD388E6ECD7767 /* [CP] Embed Pods Frameworks */ = {
			isa = PBXShellScriptBuildPhase;
			buildActionMask = 2147483647;
			files = (
			);
			inputPaths = (
			);
			name = "[CP] Embed Pods Frameworks";
			outputPaths = (
			);
			runOnlyForDeploymentPostprocessing = 0;
			shellPath = /bin/sh;
			shellScript = "\"${SRCROOT}/Pods/Target Support Files/Pods-BaalDemo/Pods-BaalDemo-frameworks.sh\"\n";
			showEnvVarsInLog = 0;
		};
		1B742F19E3BDA39351BF6833 /* [CP] Check Pods Manifest.lock */ = {
			isa = PBXShellScriptBuildPhase;
			buildActionMask = 2147483647;
			files = (
			);
			inputPaths = (
				"${PODS_PODFILE_DIR_PATH}/Podfile.lock",
				"${PODS_ROOT}/Manifest.lock",
			);
			name = "[CP] Check Pods Manifest.lock";
			outputPaths = (
				"$(DERIVED_FILE_DIR)/Pods-BaalDemoTests-checkManifestLockResult.txt",
			);
			runOnlyForDeploymentPostprocessing = 0;
			shellPath = /bin/sh;
			shellScript = "diff \"${PODS_PODFILE_DIR_PATH}/Podfile.lock\" \"${PODS_ROOT}/Manifest.lock\" > /dev/null\nif [ $? != 0 ] ; then\n    # print error to STDERR\n    echo \"error: The sandbox is not in sync with the Podfile.lock. Run 'pod install' or update your CocoaPods installation.\" >&2\n    exit 1\nfi\n# This output is used by Xcode 'outputs' to avoid re-running this script phase.\necho \"SUCCESS\" > \"${SCRIPT_OUTPUT_FILE_0}\"\n";
			showEnvVarsInLog = 0;
		};
		246F95BE0D14497BDCE829EC /* [CP] Embed Pods Frameworks */ = {
			isa = PBXShellScriptBuildPhase;
			buildActionMask = 2147483647;
			files = (
			);
			inputPaths = (
			);
			name = "[CP] Embed Pods Frameworks";
			outputPaths = (
			);
			runOnlyForDeploymentPostprocessing = 0;
			shellPath = /bin/sh;
			shellScript = "\"${SRCROOT}/Pods/Target Support Files/Pods-BaalDemoTests/Pods-BaalDemoTests-frameworks.sh\"\n";
			showEnvVarsInLog = 0;
		};
		3BB584C6F372B7F8670FBCDC /* [CP] Check Pods Manifest.lock */ = {
			isa = PBXShellScriptBuildPhase;
			buildActionMask = 2147483647;
			files = (
			);
			inputPaths = (
				"${PODS_PODFILE_DIR_PATH}/Podfile.lock",
				"${PODS_ROOT}/Manifest.lock",
			);
			name = "[CP] Check Pods Manifest.lock";
			outputPaths = (
				"$(DERIVED_FILE_DIR)/Pods-BaalDemo-checkManifestLockResult.txt",
			);
			runOnlyForDeploymentPostprocessing = 0;
			shellPath = /bin/sh;
			shellScript = "diff \"${PODS_PODFILE_DIR_PATH}/Podfile.lock\" \"${PODS_ROOT}/Manifest.lock\" > /dev/null\nif [ $? != 0 ] ; then\n    # print error to STDERR\n    echo \"error: The sandbox is not in sync with the Podfile.lock. Run 'pod install' or update your CocoaPods installation.\" >&2\n    exit 1\nfi\n# This output is used by Xcode 'outputs' to avoid re-running this script phase.\necho \"SUCCESS\" > \"${SCRIPT_OUTPUT_FILE_0}\"\n";
			showEnvVarsInLog = 0;
		};
		A753BB427E932D973DEFAEE9 /* [CP] Copy Pods Resources */ = {
			isa = PBXShellScriptBuildPhase;
			buildActionMask = 2147483647;
			files = (
			);
			inputPaths = (
				"${SRCROOT}/Pods/Target Support Files/Pods-BaalDemo/Pods-BaalDemo-resources.sh",
				"${PODS_ROOT}/WeexSDK/pre-build/native-bundle-main.js",
				"${PODS_ROOT}/WeexSDK/ios/sdk/WeexSDK/Resources/wx_load_error@3x.png",
			);
			name = "[CP] Copy Pods Resources";
			outputPaths = (
				"${TARGET_BUILD_DIR}/${UNLOCALIZED_RESOURCES_FOLDER_PATH}/native-bundle-main.js",
				"${TARGET_BUILD_DIR}/${UNLOCALIZED_RESOURCES_FOLDER_PATH}/wx_load_error@3x.png",
			);
			runOnlyForDeploymentPostprocessing = 0;
			shellPath = /bin/sh;
			shellScript = "\"${SRCROOT}/Pods/Target Support Files/Pods-BaalDemo/Pods-BaalDemo-resources.sh\"\n";
			showEnvVarsInLog = 0;
		};
		B44CF687AF445366AE0AA4D6 /* [CP] Copy Pods Resources */ = {
			isa = PBXShellScriptBuildPhase;
			buildActionMask = 2147483647;
			files = (
			);
			inputPaths = (
				"${SRCROOT}/Pods/Target Support Files/Pods-BaalDemoTests/Pods-BaalDemoTests-resources.sh",
				"${PODS_ROOT}/WeexSDK/pre-build/native-bundle-main.js",
				"${PODS_ROOT}/WeexSDK/ios/sdk/WeexSDK/Resources/wx_load_error@3x.png",
			);
			name = "[CP] Copy Pods Resources";
			outputPaths = (
				"${TARGET_BUILD_DIR}/${UNLOCALIZED_RESOURCES_FOLDER_PATH}/native-bundle-main.js",
				"${TARGET_BUILD_DIR}/${UNLOCALIZED_RESOURCES_FOLDER_PATH}/wx_load_error@3x.png",
			);
			runOnlyForDeploymentPostprocessing = 0;
			shellPath = /bin/sh;
			shellScript = "\"${SRCROOT}/Pods/Target Support Files/Pods-BaalDemoTests/Pods-BaalDemoTests-resources.sh\"\n";
			showEnvVarsInLog = 0;
		};
/* End PBXShellScriptBuildPhase section */

/* Begin PBXSourcesBuildPhase section */
		39519C35205014E30036A87B /* Sources */ = {
			isa = PBXSourcesBuildPhase;
			buildActionMask = 2147483647;
			files = (
				391DAF7A2060B66B008FF663 /* WeexPluginLoader.m in Sources */,
				391DAF8F2060B671008FF663 /* WKWebView+BaalJavaScriptAlert.m in Sources */,
				393DAF02205BC7BF0058CE36 /* BaalWeexOrHtmlHandlerImpl.m in Sources */,
				391DAF902060B671008FF663 /* WKWebView+Post.m in Sources */,
				391DAF8E2060B671008FF663 /* WKWebView+Baal.m in Sources */,
				391DAF8D2060B671008FF663 /* WeakScriptMessageDelegate.m in Sources */,
				391DAF792060B66B008FF663 /* WeexPluginConfigParser.m in Sources */,
				39519C4C205014E30036A87B /* main.m in Sources */,
				391DAF7B2060B66B008FF663 /* WeexPluginManager.m in Sources */,
				391DAF672060B665008FF663 /* BaalHandlerFactory.m in Sources */,
				391DAF7E2060B66B008FF663 /* WeexSDKManager.m in Sources */,
				39519C3E205014E30036A87B /* AppDelegate.m in Sources */,
				391DAF962060B6F0008FF663 /* GuideModule.m in Sources */,
				391DAF5F205FE91F008FF663 /* NotifyChannelViewController.m in Sources */,
				391DAF682060B665008FF663 /* NotifyChannelManager.m in Sources */,
				391DAF8C2060B671008FF663 /* BaalWeexWebViewController.m in Sources */,
				391DAF972060B6F0008FF663 /* NotifyChannelModule.m in Sources */,
			);
			runOnlyForDeploymentPostprocessing = 0;
		};
		39519C4D205014E30036A87B /* Sources */ = {
			isa = PBXSourcesBuildPhase;
			buildActionMask = 2147483647;
			files = (
				39519C56205014E30036A87B /* BaalDemoTests.m in Sources */,
			);
			runOnlyForDeploymentPostprocessing = 0;
		};
		39519C58205014E30036A87B /* Sources */ = {
			isa = PBXSourcesBuildPhase;
			buildActionMask = 2147483647;
			files = (
				39519C61205014E30036A87B /* BaalDemoUITests.m in Sources */,
			);
			runOnlyForDeploymentPostprocessing = 0;
		};
/* End PBXSourcesBuildPhase section */

/* Begin PBXTargetDependency section */
		39519C53205014E30036A87B /* PBXTargetDependency */ = {
			isa = PBXTargetDependency;
			target = 39519C38205014E30036A87B /* BaalDemo */;
			targetProxy = 39519C52205014E30036A87B /* PBXContainerItemProxy */;
		};
		39519C5E205014E30036A87B /* PBXTargetDependency */ = {
			isa = PBXTargetDependency;
			target = 39519C38205014E30036A87B /* BaalDemo */;
			targetProxy = 39519C5D205014E30036A87B /* PBXContainerItemProxy */;
		};
/* End PBXTargetDependency section */

/* Begin PBXVariantGroup section */
		39519C47205014E30036A87B /* LaunchScreen.storyboard */ = {
			isa = PBXVariantGroup;
			children = (
				39519C48205014E30036A87B /* Base */,
			);
			name = LaunchScreen.storyboard;
			sourceTree = "<group>";
		};
/* End PBXVariantGroup section */

/* Begin XCBuildConfiguration section */
		39519C63205014E30036A87B /* Debug */ = {
			isa = XCBuildConfiguration;
			buildSettings = {
				ALWAYS_SEARCH_USER_PATHS = NO;
				CLANG_ANALYZER_NONNULL = YES;
				CLANG_ANALYZER_NUMBER_OBJECT_CONVERSION = YES_AGGRESSIVE;
				CLANG_CXX_LANGUAGE_STANDARD = "gnu++14";
				CLANG_CXX_LIBRARY = "libc++";
				CLANG_ENABLE_MODULES = YES;
				CLANG_ENABLE_OBJC_ARC = YES;
				CLANG_WARN_BLOCK_CAPTURE_AUTORELEASING = YES;
				CLANG_WARN_BOOL_CONVERSION = YES;
				CLANG_WARN_COMMA = YES;
				CLANG_WARN_CONSTANT_CONVERSION = YES;
				CLANG_WARN_DIRECT_OBJC_ISA_USAGE = YES_ERROR;
				CLANG_WARN_DOCUMENTATION_COMMENTS = YES;
				CLANG_WARN_EMPTY_BODY = YES;
				CLANG_WARN_ENUM_CONVERSION = YES;
				CLANG_WARN_INFINITE_RECURSION = YES;
				CLANG_WARN_INT_CONVERSION = YES;
				CLANG_WARN_NON_LITERAL_NULL_CONVERSION = YES;
				CLANG_WARN_OBJC_LITERAL_CONVERSION = YES;
				CLANG_WARN_OBJC_ROOT_CLASS = YES_ERROR;
				CLANG_WARN_RANGE_LOOP_ANALYSIS = YES;
				CLANG_WARN_STRICT_PROTOTYPES = YES;
				CLANG_WARN_SUSPICIOUS_MOVE = YES;
				CLANG_WARN_UNGUARDED_AVAILABILITY = YES_AGGRESSIVE;
				CLANG_WARN_UNREACHABLE_CODE = YES;
				CLANG_WARN__DUPLICATE_METHOD_MATCH = YES;
				CODE_SIGN_IDENTITY = "iPhone Developer";
				COPY_PHASE_STRIP = NO;
				DEBUG_INFORMATION_FORMAT = dwarf;
				ENABLE_STRICT_OBJC_MSGSEND = YES;
				ENABLE_TESTABILITY = YES;
				GCC_C_LANGUAGE_STANDARD = gnu11;
				GCC_DYNAMIC_NO_PIC = NO;
				GCC_NO_COMMON_BLOCKS = YES;
				GCC_OPTIMIZATION_LEVEL = 0;
				GCC_PREPROCESSOR_DEFINITIONS = (
					"DEBUG=1",
					"$(inherited)",
				);
				GCC_WARN_64_TO_32_BIT_CONVERSION = YES;
				GCC_WARN_ABOUT_RETURN_TYPE = YES_ERROR;
				GCC_WARN_UNDECLARED_SELECTOR = YES;
				GCC_WARN_UNINITIALIZED_AUTOS = YES_AGGRESSIVE;
				GCC_WARN_UNUSED_FUNCTION = YES;
				GCC_WARN_UNUSED_VARIABLE = YES;
				IPHONEOS_DEPLOYMENT_TARGET = 11.1;
				MTL_ENABLE_DEBUG_INFO = YES;
				ONLY_ACTIVE_ARCH = YES;
				SDKROOT = iphoneos;
			};
			name = Debug;
		};
		39519C64205014E30036A87B /* Release */ = {
			isa = XCBuildConfiguration;
			buildSettings = {
				ALWAYS_SEARCH_USER_PATHS = NO;
				CLANG_ANALYZER_NONNULL = YES;
				CLANG_ANALYZER_NUMBER_OBJECT_CONVERSION = YES_AGGRESSIVE;
				CLANG_CXX_LANGUAGE_STANDARD = "gnu++14";
				CLANG_CXX_LIBRARY = "libc++";
				CLANG_ENABLE_MODULES = YES;
				CLANG_ENABLE_OBJC_ARC = YES;
				CLANG_WARN_BLOCK_CAPTURE_AUTORELEASING = YES;
				CLANG_WARN_BOOL_CONVERSION = YES;
				CLANG_WARN_COMMA = YES;
				CLANG_WARN_CONSTANT_CONVERSION = YES;
				CLANG_WARN_DIRECT_OBJC_ISA_USAGE = YES_ERROR;
				CLANG_WARN_DOCUMENTATION_COMMENTS = YES;
				CLANG_WARN_EMPTY_BODY = YES;
				CLANG_WARN_ENUM_CONVERSION = YES;
				CLANG_WARN_INFINITE_RECURSION = YES;
				CLANG_WARN_INT_CONVERSION = YES;
				CLANG_WARN_NON_LITERAL_NULL_CONVERSION = YES;
				CLANG_WARN_OBJC_LITERAL_CONVERSION = YES;
				CLANG_WARN_OBJC_ROOT_CLASS = YES_ERROR;
				CLANG_WARN_RANGE_LOOP_ANALYSIS = YES;
				CLANG_WARN_STRICT_PROTOTYPES = YES;
				CLANG_WARN_SUSPICIOUS_MOVE = YES;
				CLANG_WARN_UNGUARDED_AVAILABILITY = YES_AGGRESSIVE;
				CLANG_WARN_UNREACHABLE_CODE = YES;
				CLANG_WARN__DUPLICATE_METHOD_MATCH = YES;
				CODE_SIGN_IDENTITY = "iPhone Developer";
				COPY_PHASE_STRIP = NO;
				DEBUG_INFORMATION_FORMAT = "dwarf-with-dsym";
				ENABLE_NS_ASSERTIONS = NO;
				ENABLE_STRICT_OBJC_MSGSEND = YES;
				GCC_C_LANGUAGE_STANDARD = gnu11;
				GCC_NO_COMMON_BLOCKS = YES;
				GCC_WARN_64_TO_32_BIT_CONVERSION = YES;
				GCC_WARN_ABOUT_RETURN_TYPE = YES_ERROR;
				GCC_WARN_UNDECLARED_SELECTOR = YES;
				GCC_WARN_UNINITIALIZED_AUTOS = YES_AGGRESSIVE;
				GCC_WARN_UNUSED_FUNCTION = YES;
				GCC_WARN_UNUSED_VARIABLE = YES;
				IPHONEOS_DEPLOYMENT_TARGET = 11.1;
				MTL_ENABLE_DEBUG_INFO = NO;
				SDKROOT = iphoneos;
				VALIDATE_PRODUCT = YES;
			};
			name = Release;
		};
		39519C66205014E30036A87B /* Debug */ = {
			isa = XCBuildConfiguration;
			baseConfigurationReference = 91704AD08A04965E424C9DAA /* Pods-BaalDemo.debug.xcconfig */;
			buildSettings = {
				ASSETCATALOG_COMPILER_APPICON_NAME = AppIcon;
				CODE_SIGN_STYLE = Automatic;
				DEVELOPMENT_TEAM = TKWR8NFZW9;
				INFOPLIST_FILE = BaalDemo/Info.plist;
				IPHONEOS_DEPLOYMENT_TARGET = 8.0;
				LD_RUNPATH_SEARCH_PATHS = "$(inherited) @executable_path/Frameworks";
				PRODUCT_BUNDLE_IDENTIFIER = com.dianwoda.BaalDemo;
				PRODUCT_NAME = "$(TARGET_NAME)";
				TARGETED_DEVICE_FAMILY = "1,2";
			};
			name = Debug;
		};
		39519C67205014E30036A87B /* Release */ = {
			isa = XCBuildConfiguration;
			baseConfigurationReference = 42D2DF72954BFB401436C320 /* Pods-BaalDemo.release.xcconfig */;
			buildSettings = {
				ASSETCATALOG_COMPILER_APPICON_NAME = AppIcon;
				CODE_SIGN_STYLE = Automatic;
				DEVELOPMENT_TEAM = TKWR8NFZW9;
				INFOPLIST_FILE = BaalDemo/Info.plist;
				IPHONEOS_DEPLOYMENT_TARGET = 8.0;
				LD_RUNPATH_SEARCH_PATHS = "$(inherited) @executable_path/Frameworks";
				PRODUCT_BUNDLE_IDENTIFIER = com.dianwoda.BaalDemo;
				PRODUCT_NAME = "$(TARGET_NAME)";
				TARGETED_DEVICE_FAMILY = "1,2";
			};
			name = Release;
		};
		39519C69205014E30036A87B /* Debug */ = {
			isa = XCBuildConfiguration;
			baseConfigurationReference = 41F28CDDCF07633C7F8C3467 /* Pods-BaalDemoTests.debug.xcconfig */;
			buildSettings = {
				BUNDLE_LOADER = "$(TEST_HOST)";
				CODE_SIGN_STYLE = Automatic;
				DEVELOPMENT_TEAM = TKWR8NFZW9;
				INFOPLIST_FILE = BaalDemoTests/Info.plist;
				LD_RUNPATH_SEARCH_PATHS = "$(inherited) @executable_path/Frameworks @loader_path/Frameworks";
				PRODUCT_BUNDLE_IDENTIFIER = com.dianwoda.BaalDemoTests;
				PRODUCT_NAME = "$(TARGET_NAME)";
				TARGETED_DEVICE_FAMILY = "1,2";
				TEST_HOST = "$(BUILT_PRODUCTS_DIR)/BaalDemo.app/BaalDemo";
			};
			name = Debug;
		};
		39519C6A205014E30036A87B /* Release */ = {
			isa = XCBuildConfiguration;
			baseConfigurationReference = ACE1C03E86DFCCAF42D85204 /* Pods-BaalDemoTests.release.xcconfig */;
			buildSettings = {
				BUNDLE_LOADER = "$(TEST_HOST)";
				CODE_SIGN_STYLE = Automatic;
				DEVELOPMENT_TEAM = TKWR8NFZW9;
				INFOPLIST_FILE = BaalDemoTests/Info.plist;
				LD_RUNPATH_SEARCH_PATHS = "$(inherited) @executable_path/Frameworks @loader_path/Frameworks";
				PRODUCT_BUNDLE_IDENTIFIER = com.dianwoda.BaalDemoTests;
				PRODUCT_NAME = "$(TARGET_NAME)";
				TARGETED_DEVICE_FAMILY = "1,2";
				TEST_HOST = "$(BUILT_PRODUCTS_DIR)/BaalDemo.app/BaalDemo";
			};
			name = Release;
		};
		39519C6C205014E30036A87B /* Debug */ = {
			isa = XCBuildConfiguration;
			buildSettings = {
				CODE_SIGN_STYLE = Automatic;
				DEVELOPMENT_TEAM = TKWR8NFZW9;
				INFOPLIST_FILE = BaalDemoUITests/Info.plist;
				LD_RUNPATH_SEARCH_PATHS = "$(inherited) @executable_path/Frameworks @loader_path/Frameworks";
				PRODUCT_BUNDLE_IDENTIFIER = com.dianwoda.BaalDemoUITests;
				PRODUCT_NAME = "$(TARGET_NAME)";
				TARGETED_DEVICE_FAMILY = "1,2";
				TEST_TARGET_NAME = BaalDemo;
			};
			name = Debug;
		};
		39519C6D205014E30036A87B /* Release */ = {
			isa = XCBuildConfiguration;
			buildSettings = {
				CODE_SIGN_STYLE = Automatic;
				DEVELOPMENT_TEAM = TKWR8NFZW9;
				INFOPLIST_FILE = BaalDemoUITests/Info.plist;
				LD_RUNPATH_SEARCH_PATHS = "$(inherited) @executable_path/Frameworks @loader_path/Frameworks";
				PRODUCT_BUNDLE_IDENTIFIER = com.dianwoda.BaalDemoUITests;
				PRODUCT_NAME = "$(TARGET_NAME)";
				TARGETED_DEVICE_FAMILY = "1,2";
				TEST_TARGET_NAME = BaalDemo;
			};
			name = Release;
		};
/* End XCBuildConfiguration section */

/* Begin XCConfigurationList section */
		39519C34205014E30036A87B /* Build configuration list for PBXProject "BaalDemo" */ = {
			isa = XCConfigurationList;
			buildConfigurations = (
				39519C63205014E30036A87B /* Debug */,
				39519C64205014E30036A87B /* Release */,
			);
			defaultConfigurationIsVisible = 0;
			defaultConfigurationName = Release;
		};
		39519C65205014E30036A87B /* Build configuration list for PBXNativeTarget "BaalDemo" */ = {
			isa = XCConfigurationList;
			buildConfigurations = (
				39519C66205014E30036A87B /* Debug */,
				39519C67205014E30036A87B /* Release */,
			);
			defaultConfigurationIsVisible = 0;
			defaultConfigurationName = Release;
		};
		39519C68205014E30036A87B /* Build configuration list for PBXNativeTarget "BaalDemoTests" */ = {
			isa = XCConfigurationList;
			buildConfigurations = (
				39519C69205014E30036A87B /* Debug */,
				39519C6A205014E30036A87B /* Release */,
			);
			defaultConfigurationIsVisible = 0;
			defaultConfigurationName = Release;
		};
		39519C6B205014E30036A87B /* Build configuration list for PBXNativeTarget "BaalDemoUITests" */ = {
			isa = XCConfigurationList;
			buildConfigurations = (
				39519C6C205014E30036A87B /* Debug */,
				39519C6D205014E30036A87B /* Release */,
			);
			defaultConfigurationIsVisible = 0;
			defaultConfigurationName = Release;
		};
/* End XCConfigurationList section */
	};
	rootObject = 39519C31205014E30036A87B /* Project object */;
}
